PODS:
  - Alamofire (3.1.4)
  - KeychainAccess (2.3.3)
  - SwiftyJSON (2.3.2)
  - UMengAnalytics-NO-IDFA (3.6.7)

DEPENDENCIES:
  - Alamofire
  - KeychainAccess
  - SwiftyJSON
  - UMengAnalytics-NO-IDFA

SPEC CHECKSUMS:
  Alamofire: fbc829692f351fa1d8a31dd75fd7f7f56fea31fb
  KeychainAccess: 9b7e49e48277e329b1b3195e54697ed313d30acf
  SwiftyJSON: 04ccea08915aa0109039157c7974cf0298da292a
  UMengAnalytics-NO-IDFA: 6d02561a00579b2e37718f204eb81347df5d7b8b

PODFILE CHECKSUM: 02b10d883b450b22b6441512c2b55708a7557f59

COCOAPODS: 1.0.0.beta.2
