// !$*UTF8*$!
{
	archiveVersion = 1;
	classes = {
	};
	objectVersion = 46;
	objects = {

/* Begin PBXBuildFile section */
		04C331C91BA2F2E600EF959F /* AppDelegate.swift in Sources */ = {isa = PBXBuildFile; fileRef = 04C331C81BA2F2E600EF959F /* AppDelegate.swift */; };
		04C331CB1BA2F2E600EF959F /* FirstViewController.swift in Sources */ = {isa = PBXBuildFile; fileRef = 04C331CA1BA2F2E600EF959F /* FirstViewController.swift */; };
		04C331CD1BA2F2E600EF959F /* SecondViewController.swift in Sources */ = {isa = PBXBuildFile; fileRef = 04C331CC1BA2F2E600EF959F /* SecondViewController.swift */; };
		04C331D01BA2F2E600EF959F /* Main.storyboard in Resources */ = {isa = PBXBuildFile; fileRef = 04C331CE1BA2F2E600EF959F /* Main.storyboard */; };
		04C331D21BA2F2E600EF959F /* Assets.xcassets in Resources */ = {isa = PBXBuildFile; fileRef = 04C331D11BA2F2E600EF959F /* Assets.xcassets */; };
		04C331D51BA2F2E600EF959F /* LaunchScreen.storyboard in Resources */ = {isa = PBXBuildFile; fileRef = 04C331D31BA2F2E600EF959F /* LaunchScreen.storyboard */; };
		04C331E01BA2F2E700EF959F /* QSCMobileV3Tests.swift in Sources */ = {isa = PBXBuildFile; fileRef = 04C331DF1BA2F2E700EF959F /* QSCMobileV3Tests.swift */; };
		04C331EB1BA2F2E700EF959F /* QSCMobileV3UITests.swift in Sources */ = {isa = PBXBuildFile; fileRef = 04C331EA1BA2F2E700EF959F /* QSCMobileV3UITests.swift */; };
		0B4718006058BD038B9B01FB /* Pods_QSCMobileV3Tests.framework in Frameworks */ = {isa = PBXBuildFile; fileRef = 7A568AF6C95A8D27F849280F /* Pods_QSCMobileV3Tests.framework */; };
		38CE5B78D34A225E91428AB1 /* Pods_QSCMobileV3.framework in Frameworks */ = {isa = PBXBuildFile; fileRef = 3DE47C9F52F9198D78DF4700 /* Pods_QSCMobileV3.framework */; };
		9D6A895B1C09D670008EC60B /* APISessionTests.swift in Sources */ = {isa = PBXBuildFile; fileRef = 9D6A895A1C09D670008EC60B /* APISessionTests.swift */; };
		9D6A895E1C0B0603008EC60B /* MobileManager.swift in Sources */ = {isa = PBXBuildFile; fileRef = 9D6A895D1C0B0603008EC60B /* MobileManager.swift */; };
		9D6A89621C0B11BB008EC60B /* AccountManager.swift in Sources */ = {isa = PBXBuildFile; fileRef = 9D6A89611C0B11BB008EC60B /* AccountManager.swift */; };
		9D6A89671C0C4EF7008EC60B /* CoreDataManager.swift in Sources */ = {isa = PBXBuildFile; fileRef = 9D6A89661C0C4EF7008EC60B /* CoreDataManager.swift */; };
		9DCDE7811C0728E40087C31F /* Exam+CoreDataProperties.swift in Sources */ = {isa = PBXBuildFile; fileRef = 9DCDE77B1C0728E40087C31F /* Exam+CoreDataProperties.swift */; };
		9DCDE7821C0728E40087C31F /* Exam.swift in Sources */ = {isa = PBXBuildFile; fileRef = 9DCDE77C1C0728E40087C31F /* Exam.swift */; };
		9DCDE7831C0728E40087C31F /* Course+CoreDataProperties.swift in Sources */ = {isa = PBXBuildFile; fileRef = 9DCDE77D1C0728E40087C31F /* Course+CoreDataProperties.swift */; };
		9DCDE7841C0728E40087C31F /* Course.swift in Sources */ = {isa = PBXBuildFile; fileRef = 9DCDE77E1C0728E40087C31F /* Course.swift */; };
		9DCDE7851C0728E40087C31F /* Score+CoreDataProperties.swift in Sources */ = {isa = PBXBuildFile; fileRef = 9DCDE77F1C0728E40087C31F /* Score+CoreDataProperties.swift */; };
		9DCDE7861C0728E40087C31F /* Score.swift in Sources */ = {isa = PBXBuildFile; fileRef = 9DCDE7801C0728E40087C31F /* Score.swift */; };
		9DCDE79B1C083C070087C31F /* Calendar+CoreDataProperties.swift in Sources */ = {isa = PBXBuildFile; fileRef = 9DCDE7871C083C070087C31F /* Calendar+CoreDataProperties.swift */; };
		9DCDE79C1C083C070087C31F /* Calendar.swift in Sources */ = {isa = PBXBuildFile; fileRef = 9DCDE7881C083C070087C31F /* Calendar.swift */; };
		9DCDE79D1C083C070087C31F /* Bus+CoreDataProperties.swift in Sources */ = {isa = PBXBuildFile; fileRef = 9DCDE7891C083C070087C31F /* Bus+CoreDataProperties.swift */; };
		9DCDE79E1C083C070087C31F /* Bus.swift in Sources */ = {isa = PBXBuildFile; fileRef = 9DCDE78A1C083C070087C31F /* Bus.swift */; };
		9DCDE79F1C083C070087C31F /* TimePlace+CoreDataProperties.swift in Sources */ = {isa = PBXBuildFile; fileRef = 9DCDE78B1C083C070087C31F /* TimePlace+CoreDataProperties.swift */; };
		9DCDE7A01C083C070087C31F /* TimePlace.swift in Sources */ = {isa = PBXBuildFile; fileRef = 9DCDE78C1C083C070087C31F /* TimePlace.swift */; };
		9DCDE7A11C083C070087C31F /* Adjustment+CoreDataProperties.swift in Sources */ = {isa = PBXBuildFile; fileRef = 9DCDE78D1C083C070087C31F /* Adjustment+CoreDataProperties.swift */; };
		9DCDE7A21C083C070087C31F /* Adjustment.swift in Sources */ = {isa = PBXBuildFile; fileRef = 9DCDE78E1C083C070087C31F /* Adjustment.swift */; };
		9DCDE7A31C083C070087C31F /* Holiday+CoreDataProperties.swift in Sources */ = {isa = PBXBuildFile; fileRef = 9DCDE78F1C083C070087C31F /* Holiday+CoreDataProperties.swift */; };
		9DCDE7A41C083C070087C31F /* Holiday.swift in Sources */ = {isa = PBXBuildFile; fileRef = 9DCDE7901C083C070087C31F /* Holiday.swift */; };
		9DCDE7A51C083C070087C31F /* SemesterScore+CoreDataProperties.swift in Sources */ = {isa = PBXBuildFile; fileRef = 9DCDE7911C083C070087C31F /* SemesterScore+CoreDataProperties.swift */; };
		9DCDE7A61C083C070087C31F /* SemesterScore.swift in Sources */ = {isa = PBXBuildFile; fileRef = 9DCDE7921C083C070087C31F /* SemesterScore.swift */; };
		9DCDE7A71C083C070087C31F /* User+CoreDataProperties.swift in Sources */ = {isa = PBXBuildFile; fileRef = 9DCDE7931C083C070087C31F /* User+CoreDataProperties.swift */; };
		9DCDE7A81C083C070087C31F /* User.swift in Sources */ = {isa = PBXBuildFile; fileRef = 9DCDE7941C083C070087C31F /* User.swift */; };
		9DCDE7A91C083C070087C31F /* BusStop+CoreDataProperties.swift in Sources */ = {isa = PBXBuildFile; fileRef = 9DCDE7951C083C070087C31F /* BusStop+CoreDataProperties.swift */; };
		9DCDE7AA1C083C070087C31F /* BusStop.swift in Sources */ = {isa = PBXBuildFile; fileRef = 9DCDE7961C083C070087C31F /* BusStop.swift */; };
		9DCDE7AB1C083C070087C31F /* Year+CoreDataProperties.swift in Sources */ = {isa = PBXBuildFile; fileRef = 9DCDE7971C083C070087C31F /* Year+CoreDataProperties.swift */; };
		9DCDE7AC1C083C070087C31F /* Year.swift in Sources */ = {isa = PBXBuildFile; fileRef = 9DCDE7981C083C070087C31F /* Year.swift */; };
		9DCDE7AD1C083C070087C31F /* Semester+CoreDataProperties.swift in Sources */ = {isa = PBXBuildFile; fileRef = 9DCDE7991C083C070087C31F /* Semester+CoreDataProperties.swift */; };
		9DCDE7AE1C083C070087C31F /* Semester.swift in Sources */ = {isa = PBXBuildFile; fileRef = 9DCDE79A1C083C070087C31F /* Semester.swift */; };
		9DCDE7B01C08401D0087C31F /* APISession.swift in Sources */ = {isa = PBXBuildFile; fileRef = 9DCDE7AF1C08401D0087C31F /* APISession.swift */; };
		9DCDE7B71C0841130087C31F /* Common.swift in Sources */ = {isa = PBXBuildFile; fileRef = 9DCDE7B61C0841130087C31F /* Common.swift */; };
		9DE34AED1C09973000C9534A /* QSCMobileKit-Bridging-Header.h in Headers */ = {isa = PBXBuildFile; fileRef = 9DE34AEB1C09973000C9534A /* QSCMobileKit-Bridging-Header.h */; };
		9DEF303C1BFD7C1800508504 /* Model.xcdatamodeld in Sources */ = {isa = PBXBuildFile; fileRef = 9DEF303A1BFD7C1800508504 /* Model.xcdatamodeld */; };
		9DF612671BAA89CC004B0A8A /* QSCMobileKit.framework in Frameworks */ = {isa = PBXBuildFile; fileRef = 9DF6125D1BAA89CC004B0A8A /* QSCMobileKit.framework */; };
		9DF6126E1BAA89CC004B0A8A /* QSCMobileKitTests.swift in Sources */ = {isa = PBXBuildFile; fileRef = 9DF6126D1BAA89CC004B0A8A /* QSCMobileKitTests.swift */; };
		9DF612731BAA89CC004B0A8A /* QSCMobileKit.framework in Embed Frameworks */ = {isa = PBXBuildFile; fileRef = 9DF6125D1BAA89CC004B0A8A /* QSCMobileKit.framework */; settings = {ATTRIBUTES = (CodeSignOnCopy, RemoveHeadersOnCopy, ); }; };
		9DF612821BAA8A03004B0A8A /* NotificationCenter.framework in Frameworks */ = {isa = PBXBuildFile; fileRef = 9DF612811BAA8A03004B0A8A /* NotificationCenter.framework */; };
		9DF612851BAA8A03004B0A8A /* TodayViewController.swift in Sources */ = {isa = PBXBuildFile; fileRef = 9DF612841BAA8A03004B0A8A /* TodayViewController.swift */; };
		9DF612881BAA8A03004B0A8A /* MainInterface.storyboard in Resources */ = {isa = PBXBuildFile; fileRef = 9DF612861BAA8A03004B0A8A /* MainInterface.storyboard */; };
		9DF6128C1BAA8A03004B0A8A /* TodayExtension.appex in Embed App Extensions */ = {isa = PBXBuildFile; fileRef = 9DF6127F1BAA8A03004B0A8A /* TodayExtension.appex */; settings = {ATTRIBUTES = (RemoveHeadersOnCopy, ); }; };
		9DF612981BAA8A32004B0A8A /* ShareViewController.swift in Sources */ = {isa = PBXBuildFile; fileRef = 9DF612971BAA8A32004B0A8A /* ShareViewController.swift */; };
		9DF6129B1BAA8A32004B0A8A /* MainInterface.storyboard in Resources */ = {isa = PBXBuildFile; fileRef = 9DF612991BAA8A32004B0A8A /* MainInterface.storyboard */; };
		9DF6129F1BAA8A32004B0A8A /* ShareExtension.appex in Embed App Extensions */ = {isa = PBXBuildFile; fileRef = 9DF612951BAA8A32004B0A8A /* ShareExtension.appex */; settings = {ATTRIBUTES = (RemoveHeadersOnCopy, ); }; };
		BFF5C4808600773BC20B1AB4 /* Pods_QSCMobileKit.framework in Frameworks */ = {isa = PBXBuildFile; fileRef = 91AB0B92DDF2D3AFC9377365 /* Pods_QSCMobileKit.framework */; };
/* End PBXBuildFile section */

/* Begin PBXContainerItemProxy section */
		04C331DC1BA2F2E700EF959F /* PBXContainerItemProxy */ = {
			isa = PBXContainerItemProxy;
			containerPortal = 04C331BD1BA2F2E600EF959F /* Project object */;
			proxyType = 1;
			remoteGlobalIDString = 04C331C41BA2F2E600EF959F;
			remoteInfo = QSCMobileV3;
		};
		04C331E71BA2F2E700EF959F /* PBXContainerItemProxy */ = {
			isa = PBXContainerItemProxy;
			containerPortal = 04C331BD1BA2F2E600EF959F /* Project object */;
			proxyType = 1;
			remoteGlobalIDString = 04C331C41BA2F2E600EF959F;
			remoteInfo = QSCMobileV3;
		};
		9DF612681BAA89CC004B0A8A /* PBXContainerItemProxy */ = {
			isa = PBXContainerItemProxy;
			containerPortal = 04C331BD1BA2F2E600EF959F /* Project object */;
			proxyType = 1;
			remoteGlobalIDString = 9DF6125C1BAA89CC004B0A8A;
			remoteInfo = QSCMobileKit;
		};
		9DF6126A1BAA89CC004B0A8A /* PBXContainerItemProxy */ = {
			isa = PBXContainerItemProxy;
			containerPortal = 04C331BD1BA2F2E600EF959F /* Project object */;
			proxyType = 1;
			remoteGlobalIDString = 04C331C41BA2F2E600EF959F;
			remoteInfo = QSCMobileV3;
		};
		9DF612701BAA89CC004B0A8A /* PBXContainerItemProxy */ = {
			isa = PBXContainerItemProxy;
			containerPortal = 04C331BD1BA2F2E600EF959F /* Project object */;
			proxyType = 1;
			remoteGlobalIDString = 9DF6125C1BAA89CC004B0A8A;
			remoteInfo = QSCMobileKit;
		};
		9DF6128A1BAA8A03004B0A8A /* PBXContainerItemProxy */ = {
			isa = PBXContainerItemProxy;
			containerPortal = 04C331BD1BA2F2E600EF959F /* Project object */;
			proxyType = 1;
			remoteGlobalIDString = 9DF6127E1BAA8A03004B0A8A;
			remoteInfo = TodayExtension;
		};
		9DF6129D1BAA8A32004B0A8A /* PBXContainerItemProxy */ = {
			isa = PBXContainerItemProxy;
			containerPortal = 04C331BD1BA2F2E600EF959F /* Project object */;
			proxyType = 1;
			remoteGlobalIDString = 9DF612941BAA8A32004B0A8A;
			remoteInfo = ShareExtension;
		};
/* End PBXContainerItemProxy section */

/* Begin PBXCopyFilesBuildPhase section */
		9DF612791BAA89CC004B0A8A /* Embed Frameworks */ = {
			isa = PBXCopyFilesBuildPhase;
			buildActionMask = 2147483647;
			dstPath = "";
			dstSubfolderSpec = 10;
			files = (
				9DF612731BAA89CC004B0A8A /* QSCMobileKit.framework in Embed Frameworks */,
			);
			name = "Embed Frameworks";
			runOnlyForDeploymentPostprocessing = 0;
		};
		9DF612901BAA8A03004B0A8A /* Embed App Extensions */ = {
			isa = PBXCopyFilesBuildPhase;
			buildActionMask = 2147483647;
			dstPath = "";
			dstSubfolderSpec = 13;
			files = (
				9DF6129F1BAA8A32004B0A8A /* ShareExtension.appex in Embed App Extensions */,
				9DF6128C1BAA8A03004B0A8A /* TodayExtension.appex in Embed App Extensions */,
			);
			name = "Embed App Extensions";
			runOnlyForDeploymentPostprocessing = 0;
		};
/* End PBXCopyFilesBuildPhase section */

/* Begin PBXFileReference section */
		04C331C51BA2F2E600EF959F /* QSCMobileV3.app */ = {isa = PBXFileReference; explicitFileType = wrapper.application; includeInIndex = 0; path = QSCMobileV3.app; sourceTree = BUILT_PRODUCTS_DIR; };
		04C331C81BA2F2E600EF959F /* AppDelegate.swift */ = {isa = PBXFileReference; lastKnownFileType = sourcecode.swift; path = AppDelegate.swift; sourceTree = "<group>"; };
		04C331CA1BA2F2E600EF959F /* FirstViewController.swift */ = {isa = PBXFileReference; lastKnownFileType = sourcecode.swift; path = FirstViewController.swift; sourceTree = "<group>"; };
		04C331CC1BA2F2E600EF959F /* SecondViewController.swift */ = {isa = PBXFileReference; lastKnownFileType = sourcecode.swift; path = SecondViewController.swift; sourceTree = "<group>"; };
		04C331CF1BA2F2E600EF959F /* Base */ = {isa = PBXFileReference; lastKnownFileType = file.storyboard; name = Base; path = Base.lproj/Main.storyboard; sourceTree = "<group>"; };
		04C331D11BA2F2E600EF959F /* Assets.xcassets */ = {isa = PBXFileReference; lastKnownFileType = folder.assetcatalog; path = Assets.xcassets; sourceTree = "<group>"; };
		04C331D41BA2F2E600EF959F /* Base */ = {isa = PBXFileReference; lastKnownFileType = file.storyboard; name = Base; path = Base.lproj/LaunchScreen.storyboard; sourceTree = "<group>"; };
		04C331D61BA2F2E600EF959F /* Info.plist */ = {isa = PBXFileReference; lastKnownFileType = text.plist.xml; path = Info.plist; sourceTree = "<group>"; };
		04C331DB1BA2F2E700EF959F /* QSCMobileV3Tests.xctest */ = {isa = PBXFileReference; explicitFileType = wrapper.cfbundle; includeInIndex = 0; path = QSCMobileV3Tests.xctest; sourceTree = BUILT_PRODUCTS_DIR; };
		04C331DF1BA2F2E700EF959F /* QSCMobileV3Tests.swift */ = {isa = PBXFileReference; lastKnownFileType = sourcecode.swift; path = QSCMobileV3Tests.swift; sourceTree = "<group>"; };
		04C331E11BA2F2E700EF959F /* Info.plist */ = {isa = PBXFileReference; lastKnownFileType = text.plist.xml; path = Info.plist; sourceTree = "<group>"; };
		04C331E61BA2F2E700EF959F /* QSCMobileV3UITests.xctest */ = {isa = PBXFileReference; explicitFileType = wrapper.cfbundle; includeInIndex = 0; path = QSCMobileV3UITests.xctest; sourceTree = BUILT_PRODUCTS_DIR; };
		04C331EA1BA2F2E700EF959F /* QSCMobileV3UITests.swift */ = {isa = PBXFileReference; lastKnownFileType = sourcecode.swift; path = QSCMobileV3UITests.swift; sourceTree = "<group>"; };
		04C331EC1BA2F2E700EF959F /* Info.plist */ = {isa = PBXFileReference; lastKnownFileType = text.plist.xml; path = Info.plist; sourceTree = "<group>"; };
		1390A63062D2AEEA562DCB1A /* Pods-QSCMobileV3Tests.debug.xcconfig */ = {isa = PBXFileReference; includeInIndex = 1; lastKnownFileType = text.xcconfig; name = "Pods-QSCMobileV3Tests.debug.xcconfig"; path = "Pods/Target Support Files/Pods-QSCMobileV3Tests/Pods-QSCMobileV3Tests.debug.xcconfig"; sourceTree = "<group>"; };
		301D649BD08396FAD5436D05 /* Pods-QSCMobileKit.release.xcconfig */ = {isa = PBXFileReference; includeInIndex = 1; lastKnownFileType = text.xcconfig; name = "Pods-QSCMobileKit.release.xcconfig"; path = "Pods/Target Support Files/Pods-QSCMobileKit/Pods-QSCMobileKit.release.xcconfig"; sourceTree = "<group>"; };
		3DE47C9F52F9198D78DF4700 /* Pods_QSCMobileV3.framework */ = {isa = PBXFileReference; explicitFileType = wrapper.framework; includeInIndex = 0; path = Pods_QSCMobileV3.framework; sourceTree = BUILT_PRODUCTS_DIR; };
		41EC86554F19E53293B94FA8 /* Pods-QSCMobileV3.release.xcconfig */ = {isa = PBXFileReference; includeInIndex = 1; lastKnownFileType = text.xcconfig; name = "Pods-QSCMobileV3.release.xcconfig"; path = "Pods/Target Support Files/Pods-QSCMobileV3/Pods-QSCMobileV3.release.xcconfig"; sourceTree = "<group>"; };
		7A568AF6C95A8D27F849280F /* Pods_QSCMobileV3Tests.framework */ = {isa = PBXFileReference; explicitFileType = wrapper.framework; includeInIndex = 0; path = Pods_QSCMobileV3Tests.framework; sourceTree = BUILT_PRODUCTS_DIR; };
		7F20D479D1A5518684CC5305 /* Pods-QSCMobileKit.debug.xcconfig */ = {isa = PBXFileReference; includeInIndex = 1; lastKnownFileType = text.xcconfig; name = "Pods-QSCMobileKit.debug.xcconfig"; path = "Pods/Target Support Files/Pods-QSCMobileKit/Pods-QSCMobileKit.debug.xcconfig"; sourceTree = "<group>"; };
		91AB0B92DDF2D3AFC9377365 /* Pods_QSCMobileKit.framework */ = {isa = PBXFileReference; explicitFileType = wrapper.framework; includeInIndex = 0; path = Pods_QSCMobileKit.framework; sourceTree = BUILT_PRODUCTS_DIR; };
		98483B3F9DC93624017394CB /* Pods-QSCMobileV3Tests.release.xcconfig */ = {isa = PBXFileReference; includeInIndex = 1; lastKnownFileType = text.xcconfig; name = "Pods-QSCMobileV3Tests.release.xcconfig"; path = "Pods/Target Support Files/Pods-QSCMobileV3Tests/Pods-QSCMobileV3Tests.release.xcconfig"; sourceTree = "<group>"; };
		9D6A895A1C09D670008EC60B /* APISessionTests.swift */ = {isa = PBXFileReference; fileEncoding = 4; lastKnownFileType = sourcecode.swift; path = APISessionTests.swift; sourceTree = "<group>"; };
		9D6A895D1C0B0603008EC60B /* MobileManager.swift */ = {isa = PBXFileReference; fileEncoding = 4; lastKnownFileType = sourcecode.swift; path = MobileManager.swift; sourceTree = "<group>"; };
		9D6A89611C0B11BB008EC60B /* AccountManager.swift */ = {isa = PBXFileReference; fileEncoding = 4; lastKnownFileType = sourcecode.swift; path = AccountManager.swift; sourceTree = "<group>"; };
		9D6A89631C0C2E89008EC60B /* QSCMobileV3.entitlements */ = {isa = PBXFileReference; lastKnownFileType = text.xml; path = QSCMobileV3.entitlements; sourceTree = "<group>"; };
		9D6A89641C0C30E9008EC60B /* TodayExtension.entitlements */ = {isa = PBXFileReference; lastKnownFileType = text.xml; path = TodayExtension.entitlements; sourceTree = "<group>"; };
		9D6A89661C0C4EF7008EC60B /* CoreDataManager.swift */ = {isa = PBXFileReference; fileEncoding = 4; lastKnownFileType = sourcecode.swift; path = CoreDataManager.swift; sourceTree = "<group>"; };
		9DCDE77B1C0728E40087C31F /* Exam+CoreDataProperties.swift */ = {isa = PBXFileReference; fileEncoding = 4; lastKnownFileType = sourcecode.swift; name = "Exam+CoreDataProperties.swift"; path = "CoreData/Exam+CoreDataProperties.swift"; sourceTree = "<group>"; };
		9DCDE77C1C0728E40087C31F /* Exam.swift */ = {isa = PBXFileReference; fileEncoding = 4; lastKnownFileType = sourcecode.swift; name = Exam.swift; path = CoreData/Exam.swift; sourceTree = "<group>"; };
		9DCDE77D1C0728E40087C31F /* Course+CoreDataProperties.swift */ = {isa = PBXFileReference; fileEncoding = 4; lastKnownFileType = sourcecode.swift; name = "Course+CoreDataProperties.swift"; path = "CoreData/Course+CoreDataProperties.swift"; sourceTree = "<group>"; };
		9DCDE77E1C0728E40087C31F /* Course.swift */ = {isa = PBXFileReference; fileEncoding = 4; lastKnownFileType = sourcecode.swift; name = Course.swift; path = CoreData/Course.swift; sourceTree = "<group>"; };
		9DCDE77F1C0728E40087C31F /* Score+CoreDataProperties.swift */ = {isa = PBXFileReference; fileEncoding = 4; lastKnownFileType = sourcecode.swift; name = "Score+CoreDataProperties.swift"; path = "CoreData/Score+CoreDataProperties.swift"; sourceTree = "<group>"; };
		9DCDE7801C0728E40087C31F /* Score.swift */ = {isa = PBXFileReference; fileEncoding = 4; lastKnownFileType = sourcecode.swift; name = Score.swift; path = CoreData/Score.swift; sourceTree = "<group>"; };
		9DCDE7871C083C070087C31F /* Calendar+CoreDataProperties.swift */ = {isa = PBXFileReference; fileEncoding = 4; lastKnownFileType = sourcecode.swift; name = "Calendar+CoreDataProperties.swift"; path = "CoreData/Calendar+CoreDataProperties.swift"; sourceTree = "<group>"; };
		9DCDE7881C083C070087C31F /* Calendar.swift */ = {isa = PBXFileReference; fileEncoding = 4; lastKnownFileType = sourcecode.swift; name = Calendar.swift; path = CoreData/Calendar.swift; sourceTree = "<group>"; };
		9DCDE7891C083C070087C31F /* Bus+CoreDataProperties.swift */ = {isa = PBXFileReference; fileEncoding = 4; lastKnownFileType = sourcecode.swift; name = "Bus+CoreDataProperties.swift"; path = "CoreData/Bus+CoreDataProperties.swift"; sourceTree = "<group>"; };
		9DCDE78A1C083C070087C31F /* Bus.swift */ = {isa = PBXFileReference; fileEncoding = 4; lastKnownFileType = sourcecode.swift; name = Bus.swift; path = CoreData/Bus.swift; sourceTree = "<group>"; };
		9DCDE78B1C083C070087C31F /* TimePlace+CoreDataProperties.swift */ = {isa = PBXFileReference; fileEncoding = 4; lastKnownFileType = sourcecode.swift; name = "TimePlace+CoreDataProperties.swift"; path = "CoreData/TimePlace+CoreDataProperties.swift"; sourceTree = "<group>"; };
		9DCDE78C1C083C070087C31F /* TimePlace.swift */ = {isa = PBXFileReference; fileEncoding = 4; lastKnownFileType = sourcecode.swift; name = TimePlace.swift; path = CoreData/TimePlace.swift; sourceTree = "<group>"; };
		9DCDE78D1C083C070087C31F /* Adjustment+CoreDataProperties.swift */ = {isa = PBXFileReference; fileEncoding = 4; lastKnownFileType = sourcecode.swift; name = "Adjustment+CoreDataProperties.swift"; path = "CoreData/Adjustment+CoreDataProperties.swift"; sourceTree = "<group>"; };
		9DCDE78E1C083C070087C31F /* Adjustment.swift */ = {isa = PBXFileReference; fileEncoding = 4; lastKnownFileType = sourcecode.swift; name = Adjustment.swift; path = CoreData/Adjustment.swift; sourceTree = "<group>"; };
		9DCDE78F1C083C070087C31F /* Holiday+CoreDataProperties.swift */ = {isa = PBXFileReference; fileEncoding = 4; lastKnownFileType = sourcecode.swift; name = "Holiday+CoreDataProperties.swift"; path = "CoreData/Holiday+CoreDataProperties.swift"; sourceTree = "<group>"; };
		9DCDE7901C083C070087C31F /* Holiday.swift */ = {isa = PBXFileReference; fileEncoding = 4; lastKnownFileType = sourcecode.swift; name = Holiday.swift; path = CoreData/Holiday.swift; sourceTree = "<group>"; };
		9DCDE7911C083C070087C31F /* SemesterScore+CoreDataProperties.swift */ = {isa = PBXFileReference; fileEncoding = 4; lastKnownFileType = sourcecode.swift; name = "SemesterScore+CoreDataProperties.swift"; path = "CoreData/SemesterScore+CoreDataProperties.swift"; sourceTree = "<group>"; };
		9DCDE7921C083C070087C31F /* SemesterScore.swift */ = {isa = PBXFileReference; fileEncoding = 4; lastKnownFileType = sourcecode.swift; name = SemesterScore.swift; path = CoreData/SemesterScore.swift; sourceTree = "<group>"; };
		9DCDE7931C083C070087C31F /* User+CoreDataProperties.swift */ = {isa = PBXFileReference; fileEncoding = 4; lastKnownFileType = sourcecode.swift; name = "User+CoreDataProperties.swift"; path = "CoreData/User+CoreDataProperties.swift"; sourceTree = "<group>"; };
		9DCDE7941C083C070087C31F /* User.swift */ = {isa = PBXFileReference; fileEncoding = 4; lastKnownFileType = sourcecode.swift; name = User.swift; path = CoreData/User.swift; sourceTree = "<group>"; };
		9DCDE7951C083C070087C31F /* BusStop+CoreDataProperties.swift */ = {isa = PBXFileReference; fileEncoding = 4; lastKnownFileType = sourcecode.swift; name = "BusStop+CoreDataProperties.swift"; path = "CoreData/BusStop+CoreDataProperties.swift"; sourceTree = "<group>"; };
		9DCDE7961C083C070087C31F /* BusStop.swift */ = {isa = PBXFileReference; fileEncoding = 4; lastKnownFileType = sourcecode.swift; name = BusStop.swift; path = CoreData/BusStop.swift; sourceTree = "<group>"; };
		9DCDE7971C083C070087C31F /* Year+CoreDataProperties.swift */ = {isa = PBXFileReference; fileEncoding = 4; lastKnownFileType = sourcecode.swift; name = "Year+CoreDataProperties.swift"; path = "CoreData/Year+CoreDataProperties.swift"; sourceTree = "<group>"; };
		9DCDE7981C083C070087C31F /* Year.swift */ = {isa = PBXFileReference; fileEncoding = 4; lastKnownFileType = sourcecode.swift; name = Year.swift; path = CoreData/Year.swift; sourceTree = "<group>"; };
		9DCDE7991C083C070087C31F /* Semester+CoreDataProperties.swift */ = {isa = PBXFileReference; fileEncoding = 4; lastKnownFileType = sourcecode.swift; name = "Semester+CoreDataProperties.swift"; path = "CoreData/Semester+CoreDataProperties.swift"; sourceTree = "<group>"; };
		9DCDE79A1C083C070087C31F /* Semester.swift */ = {isa = PBXFileReference; fileEncoding = 4; lastKnownFileType = sourcecode.swift; name = Semester.swift; path = CoreData/Semester.swift; sourceTree = "<group>"; };
		9DCDE7AF1C08401D0087C31F /* APISession.swift */ = {isa = PBXFileReference; fileEncoding = 4; lastKnownFileType = sourcecode.swift; path = APISession.swift; sourceTree = "<group>"; };
		9DCDE7B61C0841130087C31F /* Common.swift */ = {isa = PBXFileReference; fileEncoding = 4; lastKnownFileType = sourcecode.swift; path = Common.swift; sourceTree = "<group>"; };
		9DE34AEA1C08AC9000C9534A /* QSCMobileV3-Bridging-Header.h */ = {isa = PBXFileReference; fileEncoding = 4; lastKnownFileType = sourcecode.c.h; path = "QSCMobileV3-Bridging-Header.h"; sourceTree = "<group>"; };
		9DE34AEB1C09973000C9534A /* QSCMobileKit-Bridging-Header.h */ = {isa = PBXFileReference; fileEncoding = 4; lastKnownFileType = sourcecode.c.h; path = "QSCMobileKit-Bridging-Header.h"; sourceTree = "<group>"; };
		9DE34AF91C0999DC00C9534A /* Info.plist */ = {isa = PBXFileReference; fileEncoding = 4; lastKnownFileType = text.plist.xml; path = Info.plist; sourceTree = "<group>"; };
		9DEF303B1BFD7C1800508504 /* Model.xcdatamodel */ = {isa = PBXFileReference; lastKnownFileType = wrapper.xcdatamodel; path = Model.xcdatamodel; sourceTree = "<group>"; };
		9DF6125D1BAA89CC004B0A8A /* QSCMobileKit.framework */ = {isa = PBXFileReference; explicitFileType = wrapper.framework; includeInIndex = 0; path = QSCMobileKit.framework; sourceTree = BUILT_PRODUCTS_DIR; };
		9DF612661BAA89CC004B0A8A /* QSCMobileKitTests.xctest */ = {isa = PBXFileReference; explicitFileType = wrapper.cfbundle; includeInIndex = 0; path = QSCMobileKitTests.xctest; sourceTree = BUILT_PRODUCTS_DIR; };
		9DF6126D1BAA89CC004B0A8A /* QSCMobileKitTests.swift */ = {isa = PBXFileReference; lastKnownFileType = sourcecode.swift; path = QSCMobileKitTests.swift; sourceTree = "<group>"; };
		9DF6126F1BAA89CC004B0A8A /* Info.plist */ = {isa = PBXFileReference; lastKnownFileType = text.plist.xml; path = Info.plist; sourceTree = "<group>"; };
		9DF6127F1BAA8A03004B0A8A /* TodayExtension.appex */ = {isa = PBXFileReference; explicitFileType = "wrapper.app-extension"; includeInIndex = 0; path = TodayExtension.appex; sourceTree = BUILT_PRODUCTS_DIR; };
		9DF612811BAA8A03004B0A8A /* NotificationCenter.framework */ = {isa = PBXFileReference; lastKnownFileType = wrapper.framework; name = NotificationCenter.framework; path = System/Library/Frameworks/NotificationCenter.framework; sourceTree = SDKROOT; };
		9DF612841BAA8A03004B0A8A /* TodayViewController.swift */ = {isa = PBXFileReference; lastKnownFileType = sourcecode.swift; path = TodayViewController.swift; sourceTree = "<group>"; };
		9DF612871BAA8A03004B0A8A /* Base */ = {isa = PBXFileReference; lastKnownFileType = file.storyboard; name = Base; path = Base.lproj/MainInterface.storyboard; sourceTree = "<group>"; };
		9DF612891BAA8A03004B0A8A /* Info.plist */ = {isa = PBXFileReference; lastKnownFileType = text.plist.xml; path = Info.plist; sourceTree = "<group>"; };
		9DF612951BAA8A32004B0A8A /* ShareExtension.appex */ = {isa = PBXFileReference; explicitFileType = "wrapper.app-extension"; includeInIndex = 0; path = ShareExtension.appex; sourceTree = BUILT_PRODUCTS_DIR; };
		9DF612971BAA8A32004B0A8A /* ShareViewController.swift */ = {isa = PBXFileReference; lastKnownFileType = sourcecode.swift; path = ShareViewController.swift; sourceTree = "<group>"; };
		9DF6129A1BAA8A32004B0A8A /* Base */ = {isa = PBXFileReference; lastKnownFileType = file.storyboard; name = Base; path = Base.lproj/MainInterface.storyboard; sourceTree = "<group>"; };
		9DF6129C1BAA8A32004B0A8A /* Info.plist */ = {isa = PBXFileReference; lastKnownFileType = text.plist.xml; path = Info.plist; sourceTree = "<group>"; };
		C0BA9F2E9D9E0E036FD78895 /* Pods-QSCMobileV3.debug.xcconfig */ = {isa = PBXFileReference; includeInIndex = 1; lastKnownFileType = text.xcconfig; name = "Pods-QSCMobileV3.debug.xcconfig"; path = "Pods/Target Support Files/Pods-QSCMobileV3/Pods-QSCMobileV3.debug.xcconfig"; sourceTree = "<group>"; };
/* End PBXFileReference section */

/* Begin PBXFrameworksBuildPhase section */
		04C331C21BA2F2E600EF959F /* Frameworks */ = {
			isa = PBXFrameworksBuildPhase;
			buildActionMask = 2147483647;
			files = (
				38CE5B78D34A225E91428AB1 /* Pods_QSCMobileV3.framework in Frameworks */,
			);
			runOnlyForDeploymentPostprocessing = 0;
		};
		04C331D81BA2F2E700EF959F /* Frameworks */ = {
			isa = PBXFrameworksBuildPhase;
			buildActionMask = 2147483647;
			files = (
				0B4718006058BD038B9B01FB /* Pods_QSCMobileV3Tests.framework in Frameworks */,
			);
			runOnlyForDeploymentPostprocessing = 0;
		};
		04C331E31BA2F2E700EF959F /* Frameworks */ = {
			isa = PBXFrameworksBuildPhase;
			buildActionMask = 2147483647;
			files = (
			);
			runOnlyForDeploymentPostprocessing = 0;
		};
		9DF612591BAA89CC004B0A8A /* Frameworks */ = {
			isa = PBXFrameworksBuildPhase;
			buildActionMask = 2147483647;
			files = (
				BFF5C4808600773BC20B1AB4 /* Pods_QSCMobileKit.framework in Frameworks */,
			);
			runOnlyForDeploymentPostprocessing = 0;
		};
		9DF612631BAA89CC004B0A8A /* Frameworks */ = {
			isa = PBXFrameworksBuildPhase;
			buildActionMask = 2147483647;
			files = (
				9DF612671BAA89CC004B0A8A /* QSCMobileKit.framework in Frameworks */,
			);
			runOnlyForDeploymentPostprocessing = 0;
		};
		9DF6127C1BAA8A03004B0A8A /* Frameworks */ = {
			isa = PBXFrameworksBuildPhase;
			buildActionMask = 2147483647;
			files = (
				9DF612821BAA8A03004B0A8A /* NotificationCenter.framework in Frameworks */,
			);
			runOnlyForDeploymentPostprocessing = 0;
		};
		9DF612921BAA8A32004B0A8A /* Frameworks */ = {
			isa = PBXFrameworksBuildPhase;
			buildActionMask = 2147483647;
			files = (
			);
			runOnlyForDeploymentPostprocessing = 0;
		};
/* End PBXFrameworksBuildPhase section */

/* Begin PBXGroup section */
		04C331BC1BA2F2E600EF959F = {
			isa = PBXGroup;
			children = (
				04C331C71BA2F2E600EF959F /* QSCMobileV3 */,
				04C331DE1BA2F2E700EF959F /* QSCMobileV3Tests */,
				04C331E91BA2F2E700EF959F /* QSCMobileV3UITests */,
				9DF6125E1BAA89CC004B0A8A /* QSCMobileKit */,
				9DF6126C1BAA89CC004B0A8A /* QSCMobileKitTests */,
				9DF612831BAA8A03004B0A8A /* TodayExtension */,
				9DF612961BAA8A32004B0A8A /* ShareExtension */,
				9DF612801BAA8A03004B0A8A /* Frameworks */,
				04C331C61BA2F2E600EF959F /* Products */,
				0EB8309CAD6E63726E192594 /* Pods */,
			);
			sourceTree = "<group>";
		};
		04C331C61BA2F2E600EF959F /* Products */ = {
			isa = PBXGroup;
			children = (
				04C331C51BA2F2E600EF959F /* QSCMobileV3.app */,
				04C331DB1BA2F2E700EF959F /* QSCMobileV3Tests.xctest */,
				04C331E61BA2F2E700EF959F /* QSCMobileV3UITests.xctest */,
				9DF6125D1BAA89CC004B0A8A /* QSCMobileKit.framework */,
				9DF612661BAA89CC004B0A8A /* QSCMobileKitTests.xctest */,
				9DF6127F1BAA8A03004B0A8A /* TodayExtension.appex */,
				9DF612951BAA8A32004B0A8A /* ShareExtension.appex */,
			);
			name = Products;
			sourceTree = "<group>";
		};
		04C331C71BA2F2E600EF959F /* QSCMobileV3 */ = {
			isa = PBXGroup;
			children = (
				9D6A89631C0C2E89008EC60B /* QSCMobileV3.entitlements */,
				04C331C81BA2F2E600EF959F /* AppDelegate.swift */,
				04C331CA1BA2F2E600EF959F /* FirstViewController.swift */,
				04C331CC1BA2F2E600EF959F /* SecondViewController.swift */,
				9DE34AEA1C08AC9000C9534A /* QSCMobileV3-Bridging-Header.h */,
				04C331CE1BA2F2E600EF959F /* Main.storyboard */,
				04C331D11BA2F2E600EF959F /* Assets.xcassets */,
				04C331D31BA2F2E600EF959F /* LaunchScreen.storyboard */,
				04C331D61BA2F2E600EF959F /* Info.plist */,
			);
			path = QSCMobileV3;
			sourceTree = "<group>";
		};
		04C331DE1BA2F2E700EF959F /* QSCMobileV3Tests */ = {
			isa = PBXGroup;
			children = (
				04C331DF1BA2F2E700EF959F /* QSCMobileV3Tests.swift */,
				04C331E11BA2F2E700EF959F /* Info.plist */,
			);
			path = QSCMobileV3Tests;
			sourceTree = "<group>";
		};
		04C331E91BA2F2E700EF959F /* QSCMobileV3UITests */ = {
			isa = PBXGroup;
			children = (
				04C331EA1BA2F2E700EF959F /* QSCMobileV3UITests.swift */,
				04C331EC1BA2F2E700EF959F /* Info.plist */,
			);
			path = QSCMobileV3UITests;
			sourceTree = "<group>";
		};
		0EB8309CAD6E63726E192594 /* Pods */ = {
			isa = PBXGroup;
			children = (
				7F20D479D1A5518684CC5305 /* Pods-QSCMobileKit.debug.xcconfig */,
				301D649BD08396FAD5436D05 /* Pods-QSCMobileKit.release.xcconfig */,
				C0BA9F2E9D9E0E036FD78895 /* Pods-QSCMobileV3.debug.xcconfig */,
				41EC86554F19E53293B94FA8 /* Pods-QSCMobileV3.release.xcconfig */,
				1390A63062D2AEEA562DCB1A /* Pods-QSCMobileV3Tests.debug.xcconfig */,
				98483B3F9DC93624017394CB /* Pods-QSCMobileV3Tests.release.xcconfig */,
			);
			name = Pods;
			sourceTree = "<group>";
		};
		9DCDE7B11C0840900087C31F /* Support Files */ = {
			isa = PBXGroup;
			children = (
				9DE34AEB1C09973000C9534A /* QSCMobileKit-Bridging-Header.h */,
				9DE34AF91C0999DC00C9534A /* Info.plist */,
			);
			name = "Support Files";
			sourceTree = "<group>";
		};
		9DEF30391BFD7B8100508504 /* CoreData */ = {
			isa = PBXGroup;
			children = (
				9DEF303A1BFD7C1800508504 /* Model.xcdatamodeld */,
				9DCDE7941C083C070087C31F /* User.swift */,
				9DCDE7931C083C070087C31F /* User+CoreDataProperties.swift */,
				9DCDE77E1C0728E40087C31F /* Course.swift */,
				9DCDE77D1C0728E40087C31F /* Course+CoreDataProperties.swift */,
				9DCDE78C1C083C070087C31F /* TimePlace.swift */,
				9DCDE78B1C083C070087C31F /* TimePlace+CoreDataProperties.swift */,
				9DCDE77C1C0728E40087C31F /* Exam.swift */,
				9DCDE77B1C0728E40087C31F /* Exam+CoreDataProperties.swift */,
				9DCDE7801C0728E40087C31F /* Score.swift */,
				9DCDE77F1C0728E40087C31F /* Score+CoreDataProperties.swift */,
				9DCDE7921C083C070087C31F /* SemesterScore.swift */,
				9DCDE7911C083C070087C31F /* SemesterScore+CoreDataProperties.swift */,
				9DCDE7881C083C070087C31F /* Calendar.swift */,
				9DCDE7871C083C070087C31F /* Calendar+CoreDataProperties.swift */,
				9DCDE7981C083C070087C31F /* Year.swift */,
				9DCDE7971C083C070087C31F /* Year+CoreDataProperties.swift */,
				9DCDE79A1C083C070087C31F /* Semester.swift */,
				9DCDE7991C083C070087C31F /* Semester+CoreDataProperties.swift */,
				9DCDE7901C083C070087C31F /* Holiday.swift */,
				9DCDE78F1C083C070087C31F /* Holiday+CoreDataProperties.swift */,
				9DCDE78E1C083C070087C31F /* Adjustment.swift */,
				9DCDE78D1C083C070087C31F /* Adjustment+CoreDataProperties.swift */,
				9DCDE78A1C083C070087C31F /* Bus.swift */,
				9DCDE7891C083C070087C31F /* Bus+CoreDataProperties.swift */,
				9DCDE7961C083C070087C31F /* BusStop.swift */,
				9DCDE7951C083C070087C31F /* BusStop+CoreDataProperties.swift */,
			);
			name = CoreData;
			sourceTree = "<group>";
		};
		9DF6125E1BAA89CC004B0A8A /* QSCMobileKit */ = {
			isa = PBXGroup;
			children = (
				9DCDE7B61C0841130087C31F /* Common.swift */,
				9D6A89611C0B11BB008EC60B /* AccountManager.swift */,
				9D6A895D1C0B0603008EC60B /* MobileManager.swift */,
				9DCDE7AF1C08401D0087C31F /* APISession.swift */,
				9D6A89661C0C4EF7008EC60B /* CoreDataManager.swift */,
				9DEF30391BFD7B8100508504 /* CoreData */,
				9DCDE7B11C0840900087C31F /* Support Files */,
			);
			path = QSCMobileKit;
			sourceTree = "<group>";
		};
		9DF6126C1BAA89CC004B0A8A /* QSCMobileKitTests */ = {
			isa = PBXGroup;
			children = (
				9DF6126D1BAA89CC004B0A8A /* QSCMobileKitTests.swift */,
				9D6A895A1C09D670008EC60B /* APISessionTests.swift */,
				9DF6126F1BAA89CC004B0A8A /* Info.plist */,
			);
			path = QSCMobileKitTests;
			sourceTree = "<group>";
		};
		9DF612801BAA8A03004B0A8A /* Frameworks */ = {
			isa = PBXGroup;
			children = (
				9DF612811BAA8A03004B0A8A /* NotificationCenter.framework */,
				91AB0B92DDF2D3AFC9377365 /* Pods_QSCMobileKit.framework */,
				3DE47C9F52F9198D78DF4700 /* Pods_QSCMobileV3.framework */,
				7A568AF6C95A8D27F849280F /* Pods_QSCMobileV3Tests.framework */,
			);
			name = Frameworks;
			sourceTree = "<group>";
		};
		9DF612831BAA8A03004B0A8A /* TodayExtension */ = {
			isa = PBXGroup;
			children = (
				9D6A89641C0C30E9008EC60B /* TodayExtension.entitlements */,
				9DF612841BAA8A03004B0A8A /* TodayViewController.swift */,
				9DF612861BAA8A03004B0A8A /* MainInterface.storyboard */,
				9DF612891BAA8A03004B0A8A /* Info.plist */,
			);
			path = TodayExtension;
			sourceTree = "<group>";
		};
		9DF612961BAA8A32004B0A8A /* ShareExtension */ = {
			isa = PBXGroup;
			children = (
				9DF612971BAA8A32004B0A8A /* ShareViewController.swift */,
				9DF612991BAA8A32004B0A8A /* MainInterface.storyboard */,
				9DF6129C1BAA8A32004B0A8A /* Info.plist */,
			);
			path = ShareExtension;
			sourceTree = "<group>";
		};
/* End PBXGroup section */

/* Begin PBXHeadersBuildPhase section */
		9DF6125A1BAA89CC004B0A8A /* Headers */ = {
			isa = PBXHeadersBuildPhase;
			buildActionMask = 2147483647;
			files = (
				9DE34AED1C09973000C9534A /* QSCMobileKit-Bridging-Header.h in Headers */,
			);
			runOnlyForDeploymentPostprocessing = 0;
		};
/* End PBXHeadersBuildPhase section */

/* Begin PBXNativeTarget section */
		04C331C41BA2F2E600EF959F /* QSCMobileV3 */ = {
			isa = PBXNativeTarget;
			buildConfigurationList = 04C331EF1BA2F2E700EF959F /* Build configuration list for PBXNativeTarget "QSCMobileV3" */;
			buildPhases = (
				636EF9A52FABBA754FDB995A /* Check Pods Manifest.lock */,
				04C331C11BA2F2E600EF959F /* Sources */,
				04C331C21BA2F2E600EF959F /* Frameworks */,
				04C331C31BA2F2E600EF959F /* Resources */,
				9DF612791BAA89CC004B0A8A /* Embed Frameworks */,
				9DF612901BAA8A03004B0A8A /* Embed App Extensions */,
				9D660B0E0495C6164D89971A /* Embed Pods Frameworks */,
				E7607D63DEC6AA8F0814A943 /* Copy Pods Resources */,
			);
			buildRules = (
			);
			dependencies = (
				9DF612711BAA89CC004B0A8A /* PBXTargetDependency */,
				9DF6128B1BAA8A03004B0A8A /* PBXTargetDependency */,
				9DF6129E1BAA8A32004B0A8A /* PBXTargetDependency */,
			);
			name = QSCMobileV3;
			productName = QSCMobileV3;
			productReference = 04C331C51BA2F2E600EF959F /* QSCMobileV3.app */;
			productType = "com.apple.product-type.application";
		};
		04C331DA1BA2F2E700EF959F /* QSCMobileV3Tests */ = {
			isa = PBXNativeTarget;
			buildConfigurationList = 04C331F21BA2F2E700EF959F /* Build configuration list for PBXNativeTarget "QSCMobileV3Tests" */;
			buildPhases = (
				B296670CCF19A217740AF53F /* Check Pods Manifest.lock */,
				04C331D71BA2F2E700EF959F /* Sources */,
				04C331D81BA2F2E700EF959F /* Frameworks */,
				04C331D91BA2F2E700EF959F /* Resources */,
				EA21A6553C5B1164BEE4AA76 /* Embed Pods Frameworks */,
				FBE671BFFC3423B8F86FAEEA /* Copy Pods Resources */,
			);
			buildRules = (
			);
			dependencies = (
				04C331DD1BA2F2E700EF959F /* PBXTargetDependency */,
			);
			name = QSCMobileV3Tests;
			productName = QSCMobileV3Tests;
			productReference = 04C331DB1BA2F2E700EF959F /* QSCMobileV3Tests.xctest */;
			productType = "com.apple.product-type.bundle.unit-test";
		};
		04C331E51BA2F2E700EF959F /* QSCMobileV3UITests */ = {
			isa = PBXNativeTarget;
			buildConfigurationList = 04C331F51BA2F2E700EF959F /* Build configuration list for PBXNativeTarget "QSCMobileV3UITests" */;
			buildPhases = (
				04C331E21BA2F2E700EF959F /* Sources */,
				04C331E31BA2F2E700EF959F /* Frameworks */,
				04C331E41BA2F2E700EF959F /* Resources */,
			);
			buildRules = (
			);
			dependencies = (
				04C331E81BA2F2E700EF959F /* PBXTargetDependency */,
			);
			name = QSCMobileV3UITests;
			productName = QSCMobileV3UITests;
			productReference = 04C331E61BA2F2E700EF959F /* QSCMobileV3UITests.xctest */;
			productType = "com.apple.product-type.bundle.ui-testing";
		};
		9DF6125C1BAA89CC004B0A8A /* QSCMobileKit */ = {
			isa = PBXNativeTarget;
			buildConfigurationList = 9DF612781BAA89CC004B0A8A /* Build configuration list for PBXNativeTarget "QSCMobileKit" */;
			buildPhases = (
				F1200D818D888EB54CBC4D48 /* Check Pods Manifest.lock */,
				9DF612581BAA89CC004B0A8A /* Sources */,
				9DF612591BAA89CC004B0A8A /* Frameworks */,
				9DF6125A1BAA89CC004B0A8A /* Headers */,
				9DF6125B1BAA89CC004B0A8A /* Resources */,
				509A2F95E89C2142FBCB30EE /* Copy Pods Resources */,
			);
			buildRules = (
			);
			dependencies = (
			);
			name = QSCMobileKit;
			productName = QSCMobileKit;
			productReference = 9DF6125D1BAA89CC004B0A8A /* QSCMobileKit.framework */;
			productType = "com.apple.product-type.framework";
		};
		9DF612651BAA89CC004B0A8A /* QSCMobileKitTests */ = {
			isa = PBXNativeTarget;
			buildConfigurationList = 9DF6127A1BAA89CC004B0A8A /* Build configuration list for PBXNativeTarget "QSCMobileKitTests" */;
			buildPhases = (
				9DF612621BAA89CC004B0A8A /* Sources */,
				9DF612631BAA89CC004B0A8A /* Frameworks */,
				9DF612641BAA89CC004B0A8A /* Resources */,
			);
			buildRules = (
			);
			dependencies = (
				9DF612691BAA89CC004B0A8A /* PBXTargetDependency */,
				9DF6126B1BAA89CC004B0A8A /* PBXTargetDependency */,
			);
			name = QSCMobileKitTests;
			productName = QSCMobileKitTests;
			productReference = 9DF612661BAA89CC004B0A8A /* QSCMobileKitTests.xctest */;
			productType = "com.apple.product-type.bundle.unit-test";
		};
		9DF6127E1BAA8A03004B0A8A /* TodayExtension */ = {
			isa = PBXNativeTarget;
			buildConfigurationList = 9DF6128D1BAA8A03004B0A8A /* Build configuration list for PBXNativeTarget "TodayExtension" */;
			buildPhases = (
				9DF6127B1BAA8A03004B0A8A /* Sources */,
				9DF6127C1BAA8A03004B0A8A /* Frameworks */,
				9DF6127D1BAA8A03004B0A8A /* Resources */,
			);
			buildRules = (
			);
			dependencies = (
			);
			name = TodayExtension;
			productName = TodayExtension;
			productReference = 9DF6127F1BAA8A03004B0A8A /* TodayExtension.appex */;
			productType = "com.apple.product-type.app-extension";
		};
		9DF612941BAA8A32004B0A8A /* ShareExtension */ = {
			isa = PBXNativeTarget;
			buildConfigurationList = 9DF612A01BAA8A32004B0A8A /* Build configuration list for PBXNativeTarget "ShareExtension" */;
			buildPhases = (
				9DF612911BAA8A32004B0A8A /* Sources */,
				9DF612921BAA8A32004B0A8A /* Frameworks */,
				9DF612931BAA8A32004B0A8A /* Resources */,
			);
			buildRules = (
			);
			dependencies = (
			);
			name = ShareExtension;
			productName = ShareExtension;
			productReference = 9DF612951BAA8A32004B0A8A /* ShareExtension.appex */;
			productType = "com.apple.product-type.app-extension";
		};
/* End PBXNativeTarget section */

/* Begin PBXProject section */
		04C331BD1BA2F2E600EF959F /* Project object */ = {
			isa = PBXProject;
			attributes = {
				LastSwiftUpdateCheck = 0710;
				LastUpgradeCheck = 0700;
				ORGANIZATIONNAME = "QSC Tech";
				TargetAttributes = {
					04C331C41BA2F2E600EF959F = {
						CreatedOnToolsVersion = 7.0;
						DevelopmentTeam = RURVDL9XJS;
						SystemCapabilities = {
							com.apple.ApplicationGroups.iOS = {
								enabled = 1;
							};
							com.apple.Keychain = {
								enabled = 0;
							};
						};
					};
					04C331DA1BA2F2E700EF959F = {
						CreatedOnToolsVersion = 7.0;
						TestTargetID = 04C331C41BA2F2E600EF959F;
					};
					04C331E51BA2F2E700EF959F = {
						CreatedOnToolsVersion = 7.0;
						TestTargetID = 04C331C41BA2F2E600EF959F;
					};
					9DF6125C1BAA89CC004B0A8A = {
						CreatedOnToolsVersion = 7.0;
						DevelopmentTeam = RURVDL9XJS;
					};
					9DF612651BAA89CC004B0A8A = {
						CreatedOnToolsVersion = 7.0;
						TestTargetID = 04C331C41BA2F2E600EF959F;
					};
					9DF6127E1BAA8A03004B0A8A = {
						CreatedOnToolsVersion = 7.0;
						DevelopmentTeam = RURVDL9XJS;
						SystemCapabilities = {
							com.apple.ApplicationGroups.iOS = {
								enabled = 1;
							};
						};
					};
					9DF612941BAA8A32004B0A8A = {
						CreatedOnToolsVersion = 7.0;
						DevelopmentTeam = RURVDL9XJS;
					};
				};
			};
			buildConfigurationList = 04C331C01BA2F2E600EF959F /* Build configuration list for PBXProject "QSCMobileV3" */;
			compatibilityVersion = "Xcode 3.2";
			developmentRegion = English;
			hasScannedForEncodings = 0;
			knownRegions = (
				en,
				Base,
			);
			mainGroup = 04C331BC1BA2F2E600EF959F;
			productRefGroup = 04C331C61BA2F2E600EF959F /* Products */;
			projectDirPath = "";
			projectRoot = "";
			targets = (
				04C331C41BA2F2E600EF959F /* QSCMobileV3 */,
				04C331DA1BA2F2E700EF959F /* QSCMobileV3Tests */,
				04C331E51BA2F2E700EF959F /* QSCMobileV3UITests */,
				9DF6125C1BAA89CC004B0A8A /* QSCMobileKit */,
				9DF612651BAA89CC004B0A8A /* QSCMobileKitTests */,
				9DF6127E1BAA8A03004B0A8A /* TodayExtension */,
				9DF612941BAA8A32004B0A8A /* ShareExtension */,
			);
		};
/* End PBXProject section */

/* Begin PBXResourcesBuildPhase section */
		04C331C31BA2F2E600EF959F /* Resources */ = {
			isa = PBXResourcesBuildPhase;
			buildActionMask = 2147483647;
			files = (
				04C331D51BA2F2E600EF959F /* LaunchScreen.storyboard in Resources */,
				04C331D21BA2F2E600EF959F /* Assets.xcassets in Resources */,
				04C331D01BA2F2E600EF959F /* Main.storyboard in Resources */,
			);
			runOnlyForDeploymentPostprocessing = 0;
		};
		04C331D91BA2F2E700EF959F /* Resources */ = {
			isa = PBXResourcesBuildPhase;
			buildActionMask = 2147483647;
			files = (
			);
			runOnlyForDeploymentPostprocessing = 0;
		};
		04C331E41BA2F2E700EF959F /* Resources */ = {
			isa = PBXResourcesBuildPhase;
			buildActionMask = 2147483647;
			files = (
			);
			runOnlyForDeploymentPostprocessing = 0;
		};
		9DF6125B1BAA89CC004B0A8A /* Resources */ = {
			isa = PBXResourcesBuildPhase;
			buildActionMask = 2147483647;
			files = (
			);
			runOnlyForDeploymentPostprocessing = 0;
		};
		9DF612641BAA89CC004B0A8A /* Resources */ = {
			isa = PBXResourcesBuildPhase;
			buildActionMask = 2147483647;
			files = (
			);
			runOnlyForDeploymentPostprocessing = 0;
		};
		9DF6127D1BAA8A03004B0A8A /* Resources */ = {
			isa = PBXResourcesBuildPhase;
			buildActionMask = 2147483647;
			files = (
				9DF612881BAA8A03004B0A8A /* MainInterface.storyboard in Resources */,
			);
			runOnlyForDeploymentPostprocessing = 0;
		};
		9DF612931BAA8A32004B0A8A /* Resources */ = {
			isa = PBXResourcesBuildPhase;
			buildActionMask = 2147483647;
			files = (
				9DF6129B1BAA8A32004B0A8A /* MainInterface.storyboard in Resources */,
			);
			runOnlyForDeploymentPostprocessing = 0;
		};
/* End PBXResourcesBuildPhase section */

/* Begin PBXShellScriptBuildPhase section */
		509A2F95E89C2142FBCB30EE /* Copy Pods Resources */ = {
			isa = PBXShellScriptBuildPhase;
			buildActionMask = 2147483647;
			files = (
			);
			inputPaths = (
			);
			name = "Copy Pods Resources";
			outputPaths = (
			);
			runOnlyForDeploymentPostprocessing = 0;
			shellPath = /bin/sh;
			shellScript = "\"${SRCROOT}/Pods/Target Support Files/Pods-QSCMobileKit/Pods-QSCMobileKit-resources.sh\"\n";
			showEnvVarsInLog = 0;
		};
		636EF9A52FABBA754FDB995A /* Check Pods Manifest.lock */ = {
			isa = PBXShellScriptBuildPhase;
			buildActionMask = 2147483647;
			files = (
			);
			inputPaths = (
			);
			name = "Check Pods Manifest.lock";
			outputPaths = (
			);
			runOnlyForDeploymentPostprocessing = 0;
			shellPath = /bin/sh;
			shellScript = "diff \"${PODS_ROOT}/../Podfile.lock\" \"${PODS_ROOT}/Manifest.lock\" > /dev/null\nif [[ $? != 0 ]] ; then\n    cat << EOM\nerror: The sandbox is not in sync with the Podfile.lock. Run 'pod install' or update your CocoaPods installation.\nEOM\n    exit 1\nfi\n";
			showEnvVarsInLog = 0;
		};
		9D660B0E0495C6164D89971A /* Embed Pods Frameworks */ = {
			isa = PBXShellScriptBuildPhase;
			buildActionMask = 2147483647;
			files = (
			);
			inputPaths = (
			);
			name = "Embed Pods Frameworks";
			outputPaths = (
			);
			runOnlyForDeploymentPostprocessing = 0;
			shellPath = /bin/sh;
			shellScript = "\"${SRCROOT}/Pods/Target Support Files/Pods-QSCMobileV3/Pods-QSCMobileV3-frameworks.sh\"\n";
			showEnvVarsInLog = 0;
		};
		B296670CCF19A217740AF53F /* Check Pods Manifest.lock */ = {
			isa = PBXShellScriptBuildPhase;
			buildActionMask = 2147483647;
			files = (
			);
			inputPaths = (
			);
			name = "Check Pods Manifest.lock";
			outputPaths = (
			);
			runOnlyForDeploymentPostprocessing = 0;
			shellPath = /bin/sh;
			shellScript = "diff \"${PODS_ROOT}/../Podfile.lock\" \"${PODS_ROOT}/Manifest.lock\" > /dev/null\nif [[ $? != 0 ]] ; then\n    cat << EOM\nerror: The sandbox is not in sync with the Podfile.lock. Run 'pod install' or update your CocoaPods installation.\nEOM\n    exit 1\nfi\n";
			showEnvVarsInLog = 0;
		};
		E7607D63DEC6AA8F0814A943 /* Copy Pods Resources */ = {
			isa = PBXShellScriptBuildPhase;
			buildActionMask = 2147483647;
			files = (
			);
			inputPaths = (
			);
			name = "Copy Pods Resources";
			outputPaths = (
			);
			runOnlyForDeploymentPostprocessing = 0;
			shellPath = /bin/sh;
			shellScript = "\"${SRCROOT}/Pods/Target Support Files/Pods-QSCMobileV3/Pods-QSCMobileV3-resources.sh\"\n";
			showEnvVarsInLog = 0;
		};
		EA21A6553C5B1164BEE4AA76 /* Embed Pods Frameworks */ = {
			isa = PBXShellScriptBuildPhase;
			buildActionMask = 2147483647;
			files = (
			);
			inputPaths = (
			);
			name = "Embed Pods Frameworks";
			outputPaths = (
			);
			runOnlyForDeploymentPostprocessing = 0;
			shellPath = /bin/sh;
			shellScript = "\"${SRCROOT}/Pods/Target Support Files/Pods-QSCMobileV3Tests/Pods-QSCMobileV3Tests-frameworks.sh\"\n";
			showEnvVarsInLog = 0;
		};
		F1200D818D888EB54CBC4D48 /* Check Pods Manifest.lock */ = {
			isa = PBXShellScriptBuildPhase;
			buildActionMask = 2147483647;
			files = (
			);
			inputPaths = (
			);
			name = "Check Pods Manifest.lock";
			outputPaths = (
			);
			runOnlyForDeploymentPostprocessing = 0;
			shellPath = /bin/sh;
			shellScript = "diff \"${PODS_ROOT}/../Podfile.lock\" \"${PODS_ROOT}/Manifest.lock\" > /dev/null\nif [[ $? != 0 ]] ; then\n    cat << EOM\nerror: The sandbox is not in sync with the Podfile.lock. Run 'pod install' or update your CocoaPods installation.\nEOM\n    exit 1\nfi\n";
			showEnvVarsInLog = 0;
		};
		FBE671BFFC3423B8F86FAEEA /* Copy Pods Resources */ = {
			isa = PBXShellScriptBuildPhase;
			buildActionMask = 2147483647;
			files = (
			);
			inputPaths = (
			);
			name = "Copy Pods Resources";
			outputPaths = (
			);
			runOnlyForDeploymentPostprocessing = 0;
			shellPath = /bin/sh;
			shellScript = "\"${SRCROOT}/Pods/Target Support Files/Pods-QSCMobileV3Tests/Pods-QSCMobileV3Tests-resources.sh\"\n";
			showEnvVarsInLog = 0;
		};
/* End PBXShellScriptBuildPhase section */

/* Begin PBXSourcesBuildPhase section */
		04C331C11BA2F2E600EF959F /* Sources */ = {
			isa = PBXSourcesBuildPhase;
			buildActionMask = 2147483647;
			files = (
				04C331CD1BA2F2E600EF959F /* SecondViewController.swift in Sources */,
				04C331C91BA2F2E600EF959F /* AppDelegate.swift in Sources */,
				04C331CB1BA2F2E600EF959F /* FirstViewController.swift in Sources */,
			);
			runOnlyForDeploymentPostprocessing = 0;
		};
		04C331D71BA2F2E700EF959F /* Sources */ = {
			isa = PBXSourcesBuildPhase;
			buildActionMask = 2147483647;
			files = (
				04C331E01BA2F2E700EF959F /* QSCMobileV3Tests.swift in Sources */,
			);
			runOnlyForDeploymentPostprocessing = 0;
		};
		04C331E21BA2F2E700EF959F /* Sources */ = {
			isa = PBXSourcesBuildPhase;
			buildActionMask = 2147483647;
			files = (
				04C331EB1BA2F2E700EF959F /* QSCMobileV3UITests.swift in Sources */,
			);
			runOnlyForDeploymentPostprocessing = 0;
		};
		9DF612581BAA89CC004B0A8A /* Sources */ = {
			isa = PBXSourcesBuildPhase;
			buildActionMask = 2147483647;
			files = (
				9DCDE7A31C083C070087C31F /* Holiday+CoreDataProperties.swift in Sources */,
				9DCDE7AD1C083C070087C31F /* Semester+CoreDataProperties.swift in Sources */,
				9DCDE79F1C083C070087C31F /* TimePlace+CoreDataProperties.swift in Sources */,
				9D6A89621C0B11BB008EC60B /* AccountManager.swift in Sources */,
				9DCDE79E1C083C070087C31F /* Bus.swift in Sources */,
				9DCDE7AA1C083C070087C31F /* BusStop.swift in Sources */,
				9DCDE7AB1C083C070087C31F /* Year+CoreDataProperties.swift in Sources */,
				9D6A89671C0C4EF7008EC60B /* CoreDataManager.swift in Sources */,
				9DCDE7861C0728E40087C31F /* Score.swift in Sources */,
				9DCDE79C1C083C070087C31F /* Calendar.swift in Sources */,
				9DCDE7811C0728E40087C31F /* Exam+CoreDataProperties.swift in Sources */,
				9DCDE7B01C08401D0087C31F /* APISession.swift in Sources */,
				9DEF303C1BFD7C1800508504 /* Model.xcdatamodeld in Sources */,
				9DCDE7AE1C083C070087C31F /* Semester.swift in Sources */,
				9D6A895E1C0B0603008EC60B /* MobileManager.swift in Sources */,
				9DCDE7B71C0841130087C31F /* Common.swift in Sources */,
				9DCDE79B1C083C070087C31F /* Calendar+CoreDataProperties.swift in Sources */,
				9DCDE7841C0728E40087C31F /* Course.swift in Sources */,
				9DCDE7A41C083C070087C31F /* Holiday.swift in Sources */,
				9DCDE7A61C083C070087C31F /* SemesterScore.swift in Sources */,
				9DCDE7831C0728E40087C31F /* Course+CoreDataProperties.swift in Sources */,
				9DCDE7851C0728E40087C31F /* Score+CoreDataProperties.swift in Sources */,
				9DCDE7A21C083C070087C31F /* Adjustment.swift in Sources */,
				9DCDE7A91C083C070087C31F /* BusStop+CoreDataProperties.swift in Sources */,
				9DCDE7A11C083C070087C31F /* Adjustment+CoreDataProperties.swift in Sources */,
				9DCDE79D1C083C070087C31F /* Bus+CoreDataProperties.swift in Sources */,
				9DCDE7A01C083C070087C31F /* TimePlace.swift in Sources */,
				9DCDE7A51C083C070087C31F /* SemesterScore+CoreDataProperties.swift in Sources */,
				9DCDE7A71C083C070087C31F /* User+CoreDataProperties.swift in Sources */,
				9DCDE7AC1C083C070087C31F /* Year.swift in Sources */,
				9DCDE7821C0728E40087C31F /* Exam.swift in Sources */,
				9DCDE7A81C083C070087C31F /* User.swift in Sources */,
			);
			runOnlyForDeploymentPostprocessing = 0;
		};
		9DF612621BAA89CC004B0A8A /* Sources */ = {
			isa = PBXSourcesBuildPhase;
			buildActionMask = 2147483647;
			files = (
				9DF6126E1BAA89CC004B0A8A /* QSCMobileKitTests.swift in Sources */,
				9D6A895B1C09D670008EC60B /* APISessionTests.swift in Sources */,
			);
			runOnlyForDeploymentPostprocessing = 0;
		};
		9DF6127B1BAA8A03004B0A8A /* Sources */ = {
			isa = PBXSourcesBuildPhase;
			buildActionMask = 2147483647;
			files = (
				9DF612851BAA8A03004B0A8A /* TodayViewController.swift in Sources */,
			);
			runOnlyForDeploymentPostprocessing = 0;
		};
		9DF612911BAA8A32004B0A8A /* Sources */ = {
			isa = PBXSourcesBuildPhase;
			buildActionMask = 2147483647;
			files = (
				9DF612981BAA8A32004B0A8A /* ShareViewController.swift in Sources */,
			);
			runOnlyForDeploymentPostprocessing = 0;
		};
/* End PBXSourcesBuildPhase section */

/* Begin PBXTargetDependency section */
		04C331DD1BA2F2E700EF959F /* PBXTargetDependency */ = {
			isa = PBXTargetDependency;
			target = 04C331C41BA2F2E600EF959F /* QSCMobileV3 */;
			targetProxy = 04C331DC1BA2F2E700EF959F /* PBXContainerItemProxy */;
		};
		04C331E81BA2F2E700EF959F /* PBXTargetDependency */ = {
			isa = PBXTargetDependency;
			target = 04C331C41BA2F2E600EF959F /* QSCMobileV3 */;
			targetProxy = 04C331E71BA2F2E700EF959F /* PBXContainerItemProxy */;
		};
		9DF612691BAA89CC004B0A8A /* PBXTargetDependency */ = {
			isa = PBXTargetDependency;
			target = 9DF6125C1BAA89CC004B0A8A /* QSCMobileKit */;
			targetProxy = 9DF612681BAA89CC004B0A8A /* PBXContainerItemProxy */;
		};
		9DF6126B1BAA89CC004B0A8A /* PBXTargetDependency */ = {
			isa = PBXTargetDependency;
			target = 04C331C41BA2F2E600EF959F /* QSCMobileV3 */;
			targetProxy = 9DF6126A1BAA89CC004B0A8A /* PBXContainerItemProxy */;
		};
		9DF612711BAA89CC004B0A8A /* PBXTargetDependency */ = {
			isa = PBXTargetDependency;
			target = 9DF6125C1BAA89CC004B0A8A /* QSCMobileKit */;
			targetProxy = 9DF612701BAA89CC004B0A8A /* PBXContainerItemProxy */;
		};
		9DF6128B1BAA8A03004B0A8A /* PBXTargetDependency */ = {
			isa = PBXTargetDependency;
			target = 9DF6127E1BAA8A03004B0A8A /* TodayExtension */;
			targetProxy = 9DF6128A1BAA8A03004B0A8A /* PBXContainerItemProxy */;
		};
		9DF6129E1BAA8A32004B0A8A /* PBXTargetDependency */ = {
			isa = PBXTargetDependency;
			target = 9DF612941BAA8A32004B0A8A /* ShareExtension */;
			targetProxy = 9DF6129D1BAA8A32004B0A8A /* PBXContainerItemProxy */;
		};
/* End PBXTargetDependency section */

/* Begin PBXVariantGroup section */
		04C331CE1BA2F2E600EF959F /* Main.storyboard */ = {
			isa = PBXVariantGroup;
			children = (
				04C331CF1BA2F2E600EF959F /* Base */,
			);
			name = Main.storyboard;
			sourceTree = "<group>";
		};
		04C331D31BA2F2E600EF959F /* LaunchScreen.storyboard */ = {
			isa = PBXVariantGroup;
			children = (
				04C331D41BA2F2E600EF959F /* Base */,
			);
			name = LaunchScreen.storyboard;
			sourceTree = "<group>";
		};
		9DF612861BAA8A03004B0A8A /* MainInterface.storyboard */ = {
			isa = PBXVariantGroup;
			children = (
				9DF612871BAA8A03004B0A8A /* Base */,
			);
			name = MainInterface.storyboard;
			sourceTree = "<group>";
		};
		9DF612991BAA8A32004B0A8A /* MainInterface.storyboard */ = {
			isa = PBXVariantGroup;
			children = (
				9DF6129A1BAA8A32004B0A8A /* Base */,
			);
			name = MainInterface.storyboard;
			sourceTree = "<group>";
		};
/* End PBXVariantGroup section */

/* Begin XCBuildConfiguration section */
		04C331ED1BA2F2E700EF959F /* Debug */ = {
			isa = XCBuildConfiguration;
			buildSettings = {
				ALWAYS_SEARCH_USER_PATHS = NO;
				CLANG_CXX_LANGUAGE_STANDARD = "gnu++0x";
				CLANG_CXX_LIBRARY = "libc++";
				CLANG_ENABLE_MODULES = YES;
				CLANG_ENABLE_OBJC_ARC = YES;
				CLANG_WARN_BOOL_CONVERSION = YES;
				CLANG_WARN_CONSTANT_CONVERSION = YES;
				CLANG_WARN_DIRECT_OBJC_ISA_USAGE = YES_ERROR;
				CLANG_WARN_EMPTY_BODY = YES;
				CLANG_WARN_ENUM_CONVERSION = YES;
				CLANG_WARN_INT_CONVERSION = YES;
				CLANG_WARN_OBJC_ROOT_CLASS = YES_ERROR;
				CLANG_WARN_UNREACHABLE_CODE = YES;
				CLANG_WARN__DUPLICATE_METHOD_MATCH = YES;
				"CODE_SIGN_IDENTITY[sdk=iphoneos*]" = "iPhone Developer";
				COPY_PHASE_STRIP = NO;
				DEBUG_INFORMATION_FORMAT = dwarf;
				ENABLE_STRICT_OBJC_MSGSEND = YES;
				ENABLE_TESTABILITY = YES;
				GCC_C_LANGUAGE_STANDARD = gnu99;
				GCC_DYNAMIC_NO_PIC = NO;
				GCC_NO_COMMON_BLOCKS = YES;
				GCC_OPTIMIZATION_LEVEL = 0;
				GCC_PREPROCESSOR_DEFINITIONS = (
					"DEBUG=1",
					"$(inherited)",
				);
				GCC_WARN_64_TO_32_BIT_CONVERSION = YES;
				GCC_WARN_ABOUT_RETURN_TYPE = YES_ERROR;
				GCC_WARN_UNDECLARED_SELECTOR = YES;
				GCC_WARN_UNINITIALIZED_AUTOS = YES_AGGRESSIVE;
				GCC_WARN_UNUSED_FUNCTION = YES;
				GCC_WARN_UNUSED_VARIABLE = YES;
				IPHONEOS_DEPLOYMENT_TARGET = 8.0;
				MTL_ENABLE_DEBUG_INFO = YES;
				ONLY_ACTIVE_ARCH = YES;
				SDKROOT = iphoneos;
				SWIFT_OPTIMIZATION_LEVEL = "-Onone";
				TARGETED_DEVICE_FAMILY = "1,2";
			};
			name = Debug;
		};
		04C331EE1BA2F2E700EF959F /* Release */ = {
			isa = XCBuildConfiguration;
			buildSettings = {
				ALWAYS_SEARCH_USER_PATHS = NO;
				CLANG_CXX_LANGUAGE_STANDARD = "gnu++0x";
				CLANG_CXX_LIBRARY = "libc++";
				CLANG_ENABLE_MODULES = YES;
				CLANG_ENABLE_OBJC_ARC = YES;
				CLANG_WARN_BOOL_CONVERSION = YES;
				CLANG_WARN_CONSTANT_CONVERSION = YES;
				CLANG_WARN_DIRECT_OBJC_ISA_USAGE = YES_ERROR;
				CLANG_WARN_EMPTY_BODY = YES;
				CLANG_WARN_ENUM_CONVERSION = YES;
				CLANG_WARN_INT_CONVERSION = YES;
				CLANG_WARN_OBJC_ROOT_CLASS = YES_ERROR;
				CLANG_WARN_UNREACHABLE_CODE = YES;
				CLANG_WARN__DUPLICATE_METHOD_MATCH = YES;
				"CODE_SIGN_IDENTITY[sdk=iphoneos*]" = "iPhone Developer";
				COPY_PHASE_STRIP = NO;
				DEBUG_INFORMATION_FORMAT = "dwarf-with-dsym";
				ENABLE_NS_ASSERTIONS = NO;
				ENABLE_STRICT_OBJC_MSGSEND = YES;
				GCC_C_LANGUAGE_STANDARD = gnu99;
				GCC_NO_COMMON_BLOCKS = YES;
				GCC_WARN_64_TO_32_BIT_CONVERSION = YES;
				GCC_WARN_ABOUT_RETURN_TYPE = YES_ERROR;
				GCC_WARN_UNDECLARED_SELECTOR = YES;
				GCC_WARN_UNINITIALIZED_AUTOS = YES_AGGRESSIVE;
				GCC_WARN_UNUSED_FUNCTION = YES;
				GCC_WARN_UNUSED_VARIABLE = YES;
				IPHONEOS_DEPLOYMENT_TARGET = 8.0;
				MTL_ENABLE_DEBUG_INFO = NO;
				SDKROOT = iphoneos;
				TARGETED_DEVICE_FAMILY = "1,2";
				VALIDATE_PRODUCT = YES;
			};
			name = Release;
		};
		04C331F01BA2F2E700EF959F /* Debug */ = {
			isa = XCBuildConfiguration;
			baseConfigurationReference = C0BA9F2E9D9E0E036FD78895 /* Pods-QSCMobileV3.debug.xcconfig */;
			buildSettings = {
				ASSETCATALOG_COMPILER_APPICON_NAME = AppIcon;
				CLANG_ENABLE_MODULES = YES;
				CODE_SIGN_ENTITLEMENTS = QSCMobileV3/QSCMobileV3.entitlements;
				CODE_SIGN_IDENTITY = "iPhone Developer";
				"CODE_SIGN_IDENTITY[sdk=iphoneos*]" = "iPhone Developer";
				EMBEDDED_CONTENT_CONTAINS_SWIFT = "$(inherited)";
				INFOPLIST_FILE = QSCMobileV3/Info.plist;
				LD_RUNPATH_SEARCH_PATHS = "$(inherited) @executable_path/Frameworks";
				PRODUCT_BUNDLE_IDENTIFIER = com.zjuqsc.QSCMobileV3;
				PRODUCT_NAME = "$(TARGET_NAME)";
				PROVISIONING_PROFILE = "";
				SWIFT_OBJC_BRIDGING_HEADER = "QSCMobileV3/QSCMobileV3-Bridging-Header.h";
				SWIFT_OPTIMIZATION_LEVEL = "-Onone";
			};
			name = Debug;
		};
		04C331F11BA2F2E700EF959F /* Release */ = {
			isa = XCBuildConfiguration;
			baseConfigurationReference = 41EC86554F19E53293B94FA8 /* Pods-QSCMobileV3.release.xcconfig */;
			buildSettings = {
				ASSETCATALOG_COMPILER_APPICON_NAME = AppIcon;
				CLANG_ENABLE_MODULES = YES;
				CODE_SIGN_ENTITLEMENTS = QSCMobileV3/QSCMobileV3.entitlements;
				CODE_SIGN_IDENTITY = "iPhone Developer";
				"CODE_SIGN_IDENTITY[sdk=iphoneos*]" = "iPhone Developer";
				EMBEDDED_CONTENT_CONTAINS_SWIFT = "$(inherited)";
				INFOPLIST_FILE = QSCMobileV3/Info.plist;
				LD_RUNPATH_SEARCH_PATHS = "$(inherited) @executable_path/Frameworks";
				PRODUCT_BUNDLE_IDENTIFIER = com.zjuqsc.QSCMobileV3;
				PRODUCT_NAME = "$(TARGET_NAME)";
				PROVISIONING_PROFILE = "";
				SWIFT_OBJC_BRIDGING_HEADER = "QSCMobileV3/QSCMobileV3-Bridging-Header.h";
			};
			name = Release;
		};
		04C331F31BA2F2E700EF959F /* Debug */ = {
			isa = XCBuildConfiguration;
			baseConfigurationReference = 1390A63062D2AEEA562DCB1A /* Pods-QSCMobileV3Tests.debug.xcconfig */;
			buildSettings = {
				BUNDLE_LOADER = "$(TEST_HOST)";
				INFOPLIST_FILE = QSCMobileV3Tests/Info.plist;
				LD_RUNPATH_SEARCH_PATHS = "$(inherited) @executable_path/Frameworks @loader_path/Frameworks";
				PRODUCT_BUNDLE_IDENTIFIER = com.zjuqsc.QSCMobileV3Tests;
				PRODUCT_NAME = "$(TARGET_NAME)";
				TEST_HOST = "$(BUILT_PRODUCTS_DIR)/QSCMobileV3.app/QSCMobileV3";
			};
			name = Debug;
		};
		04C331F41BA2F2E700EF959F /* Release */ = {
			isa = XCBuildConfiguration;
			baseConfigurationReference = 98483B3F9DC93624017394CB /* Pods-QSCMobileV3Tests.release.xcconfig */;
			buildSettings = {
				BUNDLE_LOADER = "$(TEST_HOST)";
				INFOPLIST_FILE = QSCMobileV3Tests/Info.plist;
				LD_RUNPATH_SEARCH_PATHS = "$(inherited) @executable_path/Frameworks @loader_path/Frameworks";
				PRODUCT_BUNDLE_IDENTIFIER = com.zjuqsc.QSCMobileV3Tests;
				PRODUCT_NAME = "$(TARGET_NAME)";
				TEST_HOST = "$(BUILT_PRODUCTS_DIR)/QSCMobileV3.app/QSCMobileV3";
			};
			name = Release;
		};
		04C331F61BA2F2E700EF959F /* Debug */ = {
			isa = XCBuildConfiguration;
			buildSettings = {
				INFOPLIST_FILE = QSCMobileV3UITests/Info.plist;
				LD_RUNPATH_SEARCH_PATHS = "$(inherited) @executable_path/Frameworks @loader_path/Frameworks";
				PRODUCT_BUNDLE_IDENTIFIER = com.zjuqsc.QSCMobileV3UITests;
				PRODUCT_NAME = "$(TARGET_NAME)";
				TEST_TARGET_NAME = QSCMobileV3;
				USES_XCTRUNNER = YES;
			};
			name = Debug;
		};
		04C331F71BA2F2E700EF959F /* Release */ = {
			isa = XCBuildConfiguration;
			buildSettings = {
				INFOPLIST_FILE = QSCMobileV3UITests/Info.plist;
				LD_RUNPATH_SEARCH_PATHS = "$(inherited) @executable_path/Frameworks @loader_path/Frameworks";
				PRODUCT_BUNDLE_IDENTIFIER = com.zjuqsc.QSCMobileV3UITests;
				PRODUCT_NAME = "$(TARGET_NAME)";
				TEST_TARGET_NAME = QSCMobileV3;
				USES_XCTRUNNER = YES;
			};
			name = Release;
		};
		9DF612741BAA89CC004B0A8A /* Debug */ = {
			isa = XCBuildConfiguration;
			baseConfigurationReference = 7F20D479D1A5518684CC5305 /* Pods-QSCMobileKit.debug.xcconfig */;
			buildSettings = {
				APPLICATION_EXTENSION_API_ONLY = YES;
				CLANG_ENABLE_MODULES = YES;
				CODE_SIGN_IDENTITY = "iPhone Developer";
				CURRENT_PROJECT_VERSION = 1;
				DEFINES_MODULE = YES;
				DYLIB_COMPATIBILITY_VERSION = 1;
				DYLIB_CURRENT_VERSION = 1;
				DYLIB_INSTALL_NAME_BASE = "@rpath";
				INFOPLIST_FILE = QSCMobileKit/Info.plist;
				INSTALL_PATH = "$(LOCAL_LIBRARY_DIR)/Frameworks";
				LD_RUNPATH_SEARCH_PATHS = "$(inherited) @executable_path/Frameworks @loader_path/Frameworks";
				PRODUCT_BUNDLE_IDENTIFIER = com.zjuqsc.QSCMobileKit;
				PRODUCT_NAME = "$(TARGET_NAME)";
				SKIP_INSTALL = YES;
				SWIFT_OBJC_BRIDGING_HEADER = "QSCMobileKit/QSCMobileKit-Bridging-Header.h";
				SWIFT_OPTIMIZATION_LEVEL = "-Onone";
				VERSIONING_SYSTEM = "apple-generic";
				VERSION_INFO_PREFIX = "";
			};
			name = Debug;
		};
		9DF612751BAA89CC004B0A8A /* Release */ = {
			isa = XCBuildConfiguration;
			baseConfigurationReference = 301D649BD08396FAD5436D05 /* Pods-QSCMobileKit.release.xcconfig */;
			buildSettings = {
				APPLICATION_EXTENSION_API_ONLY = YES;
				CLANG_ENABLE_MODULES = YES;
				CODE_SIGN_IDENTITY = "iPhone Developer";
				CURRENT_PROJECT_VERSION = 1;
				DEFINES_MODULE = YES;
				DYLIB_COMPATIBILITY_VERSION = 1;
				DYLIB_CURRENT_VERSION = 1;
				DYLIB_INSTALL_NAME_BASE = "@rpath";
				INFOPLIST_FILE = QSCMobileKit/Info.plist;
				INSTALL_PATH = "$(LOCAL_LIBRARY_DIR)/Frameworks";
				LD_RUNPATH_SEARCH_PATHS = "$(inherited) @executable_path/Frameworks @loader_path/Frameworks";
				PRODUCT_BUNDLE_IDENTIFIER = com.zjuqsc.QSCMobileKit;
				PRODUCT_NAME = "$(TARGET_NAME)";
				SKIP_INSTALL = YES;
				SWIFT_OBJC_BRIDGING_HEADER = "QSCMobileKit/QSCMobileKit-Bridging-Header.h";
				VERSIONING_SYSTEM = "apple-generic";
				VERSION_INFO_PREFIX = "";
			};
			name = Release;
		};
		9DF612761BAA89CC004B0A8A /* Debug */ = {
			isa = XCBuildConfiguration;
			buildSettings = {
				INFOPLIST_FILE = QSCMobileKitTests/Info.plist;
				LD_RUNPATH_SEARCH_PATHS = "$(inherited) @executable_path/Frameworks @loader_path/Frameworks";
				PRODUCT_BUNDLE_IDENTIFIER = com.zjuqsc.QSCMobileKitTests;
				PRODUCT_NAME = "$(TARGET_NAME)";
				TEST_HOST = "$(BUILT_PRODUCTS_DIR)/QSCMobileV3.app/QSCMobileV3";
			};
			name = Debug;
		};
		9DF612771BAA89CC004B0A8A /* Release */ = {
			isa = XCBuildConfiguration;
			buildSettings = {
				INFOPLIST_FILE = QSCMobileKitTests/Info.plist;
				LD_RUNPATH_SEARCH_PATHS = "$(inherited) @executable_path/Frameworks @loader_path/Frameworks";
				PRODUCT_BUNDLE_IDENTIFIER = com.zjuqsc.QSCMobileKitTests;
				PRODUCT_NAME = "$(TARGET_NAME)";
				TEST_HOST = "$(BUILT_PRODUCTS_DIR)/QSCMobileV3.app/QSCMobileV3";
			};
			name = Release;
		};
		9DF6128E1BAA8A03004B0A8A /* Debug */ = {
			isa = XCBuildConfiguration;
			buildSettings = {
				CODE_SIGN_ENTITLEMENTS = TodayExtension/TodayExtension.entitlements;
				CODE_SIGN_IDENTITY = "iPhone Developer";
				"CODE_SIGN_IDENTITY[sdk=iphoneos*]" = "iPhone Developer";
				INFOPLIST_FILE = TodayExtension/Info.plist;
				LD_RUNPATH_SEARCH_PATHS = "$(inherited) @executable_path/Frameworks @executable_path/../../Frameworks";
				PRODUCT_BUNDLE_IDENTIFIER = com.zjuqsc.QSCMobileV3.TodayExtension;
				PRODUCT_NAME = "$(TARGET_NAME)";
				PROVISIONING_PROFILE = "";
				SKIP_INSTALL = YES;
			};
			name = Debug;
		};
		9DF6128F1BAA8A03004B0A8A /* Release */ = {
			isa = XCBuildConfiguration;
			buildSettings = {
				CODE_SIGN_ENTITLEMENTS = TodayExtension/TodayExtension.entitlements;
				CODE_SIGN_IDENTITY = "iPhone Developer";
				"CODE_SIGN_IDENTITY[sdk=iphoneos*]" = "iPhone Developer";
				INFOPLIST_FILE = TodayExtension/Info.plist;
				LD_RUNPATH_SEARCH_PATHS = "$(inherited) @executable_path/Frameworks @executable_path/../../Frameworks";
				PRODUCT_BUNDLE_IDENTIFIER = com.zjuqsc.QSCMobileV3.TodayExtension;
				PRODUCT_NAME = "$(TARGET_NAME)";
				PROVISIONING_PROFILE = "";
				SKIP_INSTALL = YES;
			};
			name = Release;
		};
		9DF612A11BAA8A32004B0A8A /* Debug */ = {
			isa = XCBuildConfiguration;
			buildSettings = {
				CODE_SIGN_IDENTITY = "iPhone Developer";
				INFOPLIST_FILE = ShareExtension/Info.plist;
				LD_RUNPATH_SEARCH_PATHS = "$(inherited) @executable_path/Frameworks @executable_path/../../Frameworks";
				PRODUCT_BUNDLE_IDENTIFIER = com.zjuqsc.QSCMobileV3.ShareExtension;
				PRODUCT_NAME = "$(TARGET_NAME)";
				SKIP_INSTALL = YES;
			};
			name = Debug;
		};
		9DF612A21BAA8A32004B0A8A /* Release */ = {
			isa = XCBuildConfiguration;
			buildSettings = {
				CODE_SIGN_IDENTITY = "iPhone Developer";
				INFOPLIST_FILE = ShareExtension/Info.plist;
				LD_RUNPATH_SEARCH_PATHS = "$(inherited) @executable_path/Frameworks @executable_path/../../Frameworks";
				PRODUCT_BUNDLE_IDENTIFIER = com.zjuqsc.QSCMobileV3.ShareExtension;
				PRODUCT_NAME = "$(TARGET_NAME)";
				SKIP_INSTALL = YES;
			};
			name = Release;
		};
/* End XCBuildConfiguration section */

/* Begin XCConfigurationList section */
		04C331C01BA2F2E600EF959F /* Build configuration list for PBXProject "QSCMobileV3" */ = {
			isa = XCConfigurationList;
			buildConfigurations = (
				04C331ED1BA2F2E700EF959F /* Debug */,
				04C331EE1BA2F2E700EF959F /* Release */,
			);
			defaultConfigurationIsVisible = 0;
			defaultConfigurationName = Release;
		};
		04C331EF1BA2F2E700EF959F /* Build configuration list for PBXNativeTarget "QSCMobileV3" */ = {
			isa = XCConfigurationList;
			buildConfigurations = (
				04C331F01BA2F2E700EF959F /* Debug */,
				04C331F11BA2F2E700EF959F /* Release */,
			);
			defaultConfigurationIsVisible = 0;
			defaultConfigurationName = Release;
		};
		04C331F21BA2F2E700EF959F /* Build configuration list for PBXNativeTarget "QSCMobileV3Tests" */ = {
			isa = XCConfigurationList;
			buildConfigurations = (
				04C331F31BA2F2E700EF959F /* Debug */,
				04C331F41BA2F2E700EF959F /* Release */,
			);
			defaultConfigurationIsVisible = 0;
			defaultConfigurationName = Release;
		};
		04C331F51BA2F2E700EF959F /* Build configuration list for PBXNativeTarget "QSCMobileV3UITests" */ = {
			isa = XCConfigurationList;
			buildConfigurations = (
				04C331F61BA2F2E700EF959F /* Debug */,
				04C331F71BA2F2E700EF959F /* Release */,
			);
			defaultConfigurationIsVisible = 0;
			defaultConfigurationName = Release;
		};
		9DF612781BAA89CC004B0A8A /* Build configuration list for PBXNativeTarget "QSCMobileKit" */ = {
			isa = XCConfigurationList;
			buildConfigurations = (
				9DF612741BAA89CC004B0A8A /* Debug */,
				9DF612751BAA89CC004B0A8A /* Release */,
			);
			defaultConfigurationIsVisible = 0;
			defaultConfigurationName = Release;
		};
		9DF6127A1BAA89CC004B0A8A /* Build configuration list for PBXNativeTarget "QSCMobileKitTests" */ = {
			isa = XCConfigurationList;
			buildConfigurations = (
				9DF612761BAA89CC004B0A8A /* Debug */,
				9DF612771BAA89CC004B0A8A /* Release */,
			);
			defaultConfigurationIsVisible = 0;
			defaultConfigurationName = Release;
		};
		9DF6128D1BAA8A03004B0A8A /* Build configuration list for PBXNativeTarget "TodayExtension" */ = {
			isa = XCConfigurationList;
			buildConfigurations = (
				9DF6128E1BAA8A03004B0A8A /* Debug */,
				9DF6128F1BAA8A03004B0A8A /* Release */,
			);
			defaultConfigurationIsVisible = 0;
			defaultConfigurationName = Release;
		};
		9DF612A01BAA8A32004B0A8A /* Build configuration list for PBXNativeTarget "ShareExtension" */ = {
			isa = XCConfigurationList;
			buildConfigurations = (
				9DF612A11BAA8A32004B0A8A /* Debug */,
				9DF612A21BAA8A32004B0A8A /* Release */,
			);
			defaultConfigurationIsVisible = 0;
			defaultConfigurationName = Release;
		};
/* End XCConfigurationList section */

/* Begin XCVersionGroup section */
		9DEF303A1BFD7C1800508504 /* Model.xcdatamodeld */ = {
			isa = XCVersionGroup;
			children = (
				9DEF303B1BFD7C1800508504 /* Model.xcdatamodel */,
			);
			currentVersion = 9DEF303B1BFD7C1800508504 /* Model.xcdatamodel */;
			name = Model.xcdatamodeld;
			path = CoreData/Model.xcdatamodeld;
			sourceTree = "<group>";
			versionGroupType = wrapper.xcdatamodel;
		};
/* End XCVersionGroup section */
	};
	rootObject = 04C331BD1BA2F2E600EF959F /* Project object */;
}
