// !$*UTF8*$!
{
	archiveVersion = 1;
	classes = {
	};
	objectVersion = 46;
	objects = {

/* Begin PBXBuildFile section */
		04C331C91BA2F2E600EF959F /* AppDelegate.swift in Sources */ = {isa = PBXBuildFile; fileRef = 04C331C81BA2F2E600EF959F /* AppDelegate.swift */; };
		04C331D01BA2F2E600EF959F /* Main.storyboard in Resources */ = {isa = PBXBuildFile; fileRef = 04C331CE1BA2F2E600EF959F /* Main.storyboard */; };
		04C331D21BA2F2E600EF959F /* Assets.xcassets in Resources */ = {isa = PBXBuildFile; fileRef = 04C331D11BA2F2E600EF959F /* Assets.xcassets */; };
		04C331D51BA2F2E600EF959F /* LaunchScreen.storyboard in Resources */ = {isa = PBXBuildFile; fileRef = 04C331D31BA2F2E600EF959F /* LaunchScreen.storyboard */; };
		9D031A291CE069E6008F3098 /* Alamofire.framework in Frameworks */ = {isa = PBXBuildFile; fileRef = 9D8AB4441CD7838B0098451A /* Alamofire.framework */; };
		9D031A2A1CE069ED008F3098 /* KeychainAccess.framework in Frameworks */ = {isa = PBXBuildFile; fileRef = 9D8AB4481CD783B30098451A /* KeychainAccess.framework */; };
		9D031A2B1CE069EF008F3098 /* SwiftyJSON.framework in Frameworks */ = {isa = PBXBuildFile; fileRef = 9D8AB4461CD783AF0098451A /* SwiftyJSON.framework */; };
		9D3483791CD83E2000EFF8C6 /* libMobClickLibrary.a in Frameworks */ = {isa = PBXBuildFile; fileRef = 9D8AB44D1CD789AE0098451A /* libMobClickLibrary.a */; };
		9D34837A1CD83E2200EFF8C6 /* libUMessage_Sdk_1.2.6.a in Frameworks */ = {isa = PBXBuildFile; fileRef = 9D8AB44F1CD789B10098451A /* libUMessage_Sdk_1.2.6.a */; };
		9D413CA81C1AE51E00E87C42 /* NoticeManager.swift in Sources */ = {isa = PBXBuildFile; fileRef = 9D413CA71C1AE51E00E87C42 /* NoticeManager.swift */; };
		9D413CAA1C1AE61400E87C42 /* NoticeEvent.swift in Sources */ = {isa = PBXBuildFile; fileRef = 9D413CA91C1AE61400E87C42 /* NoticeEvent.swift */; };
		9D42D2D91C182A2F0066EEFC /* ZjuwlanConnection.swift in Sources */ = {isa = PBXBuildFile; fileRef = 9D42D2D81C182A2F0066EEFC /* ZjuwlanConnection.swift */; };
		9D5D164D1C52360B003AC6F2 /* Statistics.swift in Sources */ = {isa = PBXBuildFile; fileRef = 9D5D164C1C52360B003AC6F2 /* Statistics.swift */; };
		9D6413331C19AD7500EC5D95 /* NoticeAPI.swift in Sources */ = {isa = PBXBuildFile; fileRef = 9D6413321C19AD7500EC5D95 /* NoticeAPI.swift */; };
		9D64D4E81C1077A60012BB3F /* AccountManager.swift in Sources */ = {isa = PBXBuildFile; fileRef = 9D64D4E71C1077A60012BB3F /* AccountManager.swift */; };
		9D6A895E1C0B0603008EC60B /* MobileManager.swift in Sources */ = {isa = PBXBuildFile; fileRef = 9D6A895D1C0B0603008EC60B /* MobileManager.swift */; };
		9D6A89621C0B11BB008EC60B /* CalendarManager.swift in Sources */ = {isa = PBXBuildFile; fileRef = 9D6A89611C0B11BB008EC60B /* CalendarManager.swift */; };
		9D6A89671C0C4EF7008EC60B /* DataStore.swift in Sources */ = {isa = PBXBuildFile; fileRef = 9D6A89661C0C4EF7008EC60B /* DataStore.swift */; };
		9D8AB44C1CD787810098451A /* libz.tbd in Frameworks */ = {isa = PBXBuildFile; fileRef = 9D8AB44B1CD787810098451A /* libz.tbd */; };
		9DA178AD1CDB73F100394647 /* AboutViewController.swift in Sources */ = {isa = PBXBuildFile; fileRef = 9DA178AC1CDB73F100394647 /* AboutViewController.swift */; };
		9DA178B91CDE301500394647 /* About.html in Resources */ = {isa = PBXBuildFile; fileRef = 9DA178B81CDE301500394647 /* About.html */; };
		9DCDE7821C0728E40087C31F /* Exam.swift in Sources */ = {isa = PBXBuildFile; fileRef = 9DCDE77C1C0728E40087C31F /* Exam.swift */; };
		9DCDE7841C0728E40087C31F /* Course.swift in Sources */ = {isa = PBXBuildFile; fileRef = 9DCDE77E1C0728E40087C31F /* Course.swift */; };
		9DCDE7861C0728E40087C31F /* Score.swift in Sources */ = {isa = PBXBuildFile; fileRef = 9DCDE7801C0728E40087C31F /* Score.swift */; };
		9DCDE79E1C083C070087C31F /* Bus.swift in Sources */ = {isa = PBXBuildFile; fileRef = 9DCDE78A1C083C070087C31F /* Bus.swift */; };
		9DCDE7A01C083C070087C31F /* TimePlace.swift in Sources */ = {isa = PBXBuildFile; fileRef = 9DCDE78C1C083C070087C31F /* TimePlace.swift */; };
		9DCDE7A21C083C070087C31F /* Adjustment.swift in Sources */ = {isa = PBXBuildFile; fileRef = 9DCDE78E1C083C070087C31F /* Adjustment.swift */; };
		9DCDE7A41C083C070087C31F /* Holiday.swift in Sources */ = {isa = PBXBuildFile; fileRef = 9DCDE7901C083C070087C31F /* Holiday.swift */; };
		9DCDE7A61C083C070087C31F /* SemesterScore.swift in Sources */ = {isa = PBXBuildFile; fileRef = 9DCDE7921C083C070087C31F /* SemesterScore.swift */; };
		9DCDE7A81C083C070087C31F /* User.swift in Sources */ = {isa = PBXBuildFile; fileRef = 9DCDE7941C083C070087C31F /* User.swift */; };
		9DCDE7AA1C083C070087C31F /* BusStop.swift in Sources */ = {isa = PBXBuildFile; fileRef = 9DCDE7961C083C070087C31F /* BusStop.swift */; };
		9DCDE7AC1C083C070087C31F /* Year.swift in Sources */ = {isa = PBXBuildFile; fileRef = 9DCDE7981C083C070087C31F /* Year.swift */; };
		9DCDE7AE1C083C070087C31F /* Semester.swift in Sources */ = {isa = PBXBuildFile; fileRef = 9DCDE79A1C083C070087C31F /* Semester.swift */; };
		9DCDE7B01C08401D0087C31F /* APISession.swift in Sources */ = {isa = PBXBuildFile; fileRef = 9DCDE7AF1C08401D0087C31F /* APISession.swift */; };
		9DCDE7B71C0841130087C31F /* Common.swift in Sources */ = {isa = PBXBuildFile; fileRef = 9DCDE7B61C0841130087C31F /* Common.swift */; };
		9DE0342C1C0D5E8A004A7755 /* NSManagedObject+Init.swift in Sources */ = {isa = PBXBuildFile; fileRef = 9DE0342B1C0D5E8A004A7755 /* NSManagedObject+Init.swift */; };
		9DE34AED1C09973000C9534A /* QSCMobileKit-Bridging-Header.h in Headers */ = {isa = PBXBuildFile; fileRef = 9DE34AEB1C09973000C9534A /* QSCMobileKit-Bridging-Header.h */; };
		9DEF303C1BFD7C1800508504 /* QSCMobileModel.xcdatamodeld in Sources */ = {isa = PBXBuildFile; fileRef = 9DEF303A1BFD7C1800508504 /* QSCMobileModel.xcdatamodeld */; };
		9DEF63861C12FD2F00A70C5B /* TodayViewController.swift in Sources */ = {isa = PBXBuildFile; fileRef = 9DEF63851C12FD2F00A70C5B /* TodayViewController.swift */; };
		9DEF63881C12FD8A00A70C5B /* CalendarViewController.swift in Sources */ = {isa = PBXBuildFile; fileRef = 9DEF63871C12FD8A00A70C5B /* CalendarViewController.swift */; };
		9DEF638A1C12FD9F00A70C5B /* ToolsViewController.swift in Sources */ = {isa = PBXBuildFile; fileRef = 9DEF63891C12FD9F00A70C5B /* ToolsViewController.swift */; };
		9DEF638C1C12FDC200A70C5B /* DiscoveryViewController.swift in Sources */ = {isa = PBXBuildFile; fileRef = 9DEF638B1C12FDC200A70C5B /* DiscoveryViewController.swift */; };
		9DEF638E1C12FDD200A70C5B /* PreferenceViewController.swift in Sources */ = {isa = PBXBuildFile; fileRef = 9DEF638D1C12FDD200A70C5B /* PreferenceViewController.swift */; };
		9DF612731BAA89CC004B0A8A /* QSCMobileKit.framework in Embed Frameworks */ = {isa = PBXBuildFile; fileRef = 9DF6125D1BAA89CC004B0A8A /* QSCMobileKit.framework */; settings = {ATTRIBUTES = (CodeSignOnCopy, RemoveHeadersOnCopy, ); }; };
		9DF612821BAA8A03004B0A8A /* NotificationCenter.framework in Frameworks */ = {isa = PBXBuildFile; fileRef = 9DF612811BAA8A03004B0A8A /* NotificationCenter.framework */; };
		9DF612851BAA8A03004B0A8A /* TodayViewController.swift in Sources */ = {isa = PBXBuildFile; fileRef = 9DF612841BAA8A03004B0A8A /* TodayViewController.swift */; };
		9DF612881BAA8A03004B0A8A /* MainInterface.storyboard in Resources */ = {isa = PBXBuildFile; fileRef = 9DF612861BAA8A03004B0A8A /* MainInterface.storyboard */; };
		9DF6128C1BAA8A03004B0A8A /* TodayExtension.appex in Embed App Extensions */ = {isa = PBXBuildFile; fileRef = 9DF6127F1BAA8A03004B0A8A /* TodayExtension.appex */; settings = {ATTRIBUTES = (RemoveHeadersOnCopy, ); }; };
		9DF612981BAA8A32004B0A8A /* ShareViewController.swift in Sources */ = {isa = PBXBuildFile; fileRef = 9DF612971BAA8A32004B0A8A /* ShareViewController.swift */; };
		9DF6129B1BAA8A32004B0A8A /* MainInterface.storyboard in Resources */ = {isa = PBXBuildFile; fileRef = 9DF612991BAA8A32004B0A8A /* MainInterface.storyboard */; };
		9DF6129F1BAA8A32004B0A8A /* ShareExtension.appex in Embed App Extensions */ = {isa = PBXBuildFile; fileRef = 9DF612951BAA8A32004B0A8A /* ShareExtension.appex */; settings = {ATTRIBUTES = (RemoveHeadersOnCopy, ); }; };
/* End PBXBuildFile section */

/* Begin PBXContainerItemProxy section */
		9DF612701BAA89CC004B0A8A /* PBXContainerItemProxy */ = {
			isa = PBXContainerItemProxy;
			containerPortal = 04C331BD1BA2F2E600EF959F /* Project object */;
			proxyType = 1;
			remoteGlobalIDString = 9DF6125C1BAA89CC004B0A8A;
			remoteInfo = QSCMobileKit;
		};
		9DF6128A1BAA8A03004B0A8A /* PBXContainerItemProxy */ = {
			isa = PBXContainerItemProxy;
			containerPortal = 04C331BD1BA2F2E600EF959F /* Project object */;
			proxyType = 1;
			remoteGlobalIDString = 9DF6127E1BAA8A03004B0A8A;
			remoteInfo = TodayExtension;
		};
		9DF6129D1BAA8A32004B0A8A /* PBXContainerItemProxy */ = {
			isa = PBXContainerItemProxy;
			containerPortal = 04C331BD1BA2F2E600EF959F /* Project object */;
			proxyType = 1;
			remoteGlobalIDString = 9DF612941BAA8A32004B0A8A;
			remoteInfo = ShareExtension;
		};
/* End PBXContainerItemProxy section */

/* Begin PBXCopyFilesBuildPhase section */
		9DF612791BAA89CC004B0A8A /* Embed Frameworks */ = {
			isa = PBXCopyFilesBuildPhase;
			buildActionMask = 2147483647;
			dstPath = "";
			dstSubfolderSpec = 10;
			files = (
				9DF612731BAA89CC004B0A8A /* QSCMobileKit.framework in Embed Frameworks */,
			);
			name = "Embed Frameworks";
			runOnlyForDeploymentPostprocessing = 0;
		};
		9DF612901BAA8A03004B0A8A /* Embed App Extensions */ = {
			isa = PBXCopyFilesBuildPhase;
			buildActionMask = 2147483647;
			dstPath = "";
			dstSubfolderSpec = 13;
			files = (
				9DF6129F1BAA8A32004B0A8A /* ShareExtension.appex in Embed App Extensions */,
				9DF6128C1BAA8A03004B0A8A /* TodayExtension.appex in Embed App Extensions */,
			);
			name = "Embed App Extensions";
			runOnlyForDeploymentPostprocessing = 0;
		};
/* End PBXCopyFilesBuildPhase section */

/* Begin PBXFileReference section */
		04C331C51BA2F2E600EF959F /* QSCMobileV3.app */ = {isa = PBXFileReference; explicitFileType = wrapper.application; includeInIndex = 0; path = QSCMobileV3.app; sourceTree = BUILT_PRODUCTS_DIR; };
		04C331C81BA2F2E600EF959F /* AppDelegate.swift */ = {isa = PBXFileReference; lastKnownFileType = sourcecode.swift; path = AppDelegate.swift; sourceTree = "<group>"; };
		04C331CF1BA2F2E600EF959F /* Base */ = {isa = PBXFileReference; lastKnownFileType = file.storyboard; name = Base; path = Base.lproj/Main.storyboard; sourceTree = "<group>"; };
		04C331D11BA2F2E600EF959F /* Assets.xcassets */ = {isa = PBXFileReference; lastKnownFileType = folder.assetcatalog; path = Assets.xcassets; sourceTree = "<group>"; };
		04C331D41BA2F2E600EF959F /* Base */ = {isa = PBXFileReference; lastKnownFileType = file.storyboard; name = Base; path = Base.lproj/LaunchScreen.storyboard; sourceTree = "<group>"; };
		04C331D61BA2F2E600EF959F /* Info.plist */ = {isa = PBXFileReference; lastKnownFileType = text.plist.xml; path = Info.plist; sourceTree = "<group>"; };
		9D413CA71C1AE51E00E87C42 /* NoticeManager.swift */ = {isa = PBXFileReference; fileEncoding = 4; lastKnownFileType = sourcecode.swift; name = NoticeManager.swift; path = Notice/NoticeManager.swift; sourceTree = "<group>"; };
		9D413CA91C1AE61400E87C42 /* NoticeEvent.swift */ = {isa = PBXFileReference; fileEncoding = 4; lastKnownFileType = sourcecode.swift; name = NoticeEvent.swift; path = Notice/NoticeEvent.swift; sourceTree = "<group>"; };
		9D42D2D81C182A2F0066EEFC /* ZjuwlanConnection.swift */ = {isa = PBXFileReference; fileEncoding = 4; lastKnownFileType = sourcecode.swift; name = ZjuwlanConnection.swift; path = ZJUWLAN/ZjuwlanConnection.swift; sourceTree = "<group>"; };
		9D5D164C1C52360B003AC6F2 /* Statistics.swift */ = {isa = PBXFileReference; fileEncoding = 4; lastKnownFileType = sourcecode.swift; name = Statistics.swift; path = CoreData/Statistics.swift; sourceTree = "<group>"; };
		9D6413321C19AD7500EC5D95 /* NoticeAPI.swift */ = {isa = PBXFileReference; fileEncoding = 4; lastKnownFileType = sourcecode.swift; name = NoticeAPI.swift; path = Notice/NoticeAPI.swift; sourceTree = "<group>"; };
		9D64D4E71C1077A60012BB3F /* AccountManager.swift */ = {isa = PBXFileReference; fileEncoding = 4; lastKnownFileType = sourcecode.swift; name = AccountManager.swift; path = Account/AccountManager.swift; sourceTree = "<group>"; };
		9D6A895D1C0B0603008EC60B /* MobileManager.swift */ = {isa = PBXFileReference; fileEncoding = 4; lastKnownFileType = sourcecode.swift; name = MobileManager.swift; path = Mobile/MobileManager.swift; sourceTree = "<group>"; };
		9D6A89611C0B11BB008EC60B /* CalendarManager.swift */ = {isa = PBXFileReference; fileEncoding = 4; lastKnownFileType = sourcecode.swift; name = CalendarManager.swift; path = Mobile/CalendarManager.swift; sourceTree = "<group>"; };
		9D6A89631C0C2E89008EC60B /* QSCMobileV3.entitlements */ = {isa = PBXFileReference; lastKnownFileType = text.xml; path = QSCMobileV3.entitlements; sourceTree = "<group>"; };
		9D6A89641C0C30E9008EC60B /* TodayExtension.entitlements */ = {isa = PBXFileReference; lastKnownFileType = text.xml; path = TodayExtension.entitlements; sourceTree = "<group>"; };
		9D6A89661C0C4EF7008EC60B /* DataStore.swift */ = {isa = PBXFileReference; fileEncoding = 4; lastKnownFileType = sourcecode.swift; name = DataStore.swift; path = Mobile/DataStore.swift; sourceTree = "<group>"; };
		9D8AB4441CD7838B0098451A /* Alamofire.framework */ = {isa = PBXFileReference; lastKnownFileType = wrapper.framework; name = Alamofire.framework; path = Carthage/Build/iOS/Alamofire.framework; sourceTree = "<group>"; };
		9D8AB4461CD783AF0098451A /* SwiftyJSON.framework */ = {isa = PBXFileReference; lastKnownFileType = wrapper.framework; name = SwiftyJSON.framework; path = Carthage/Build/iOS/SwiftyJSON.framework; sourceTree = "<group>"; };
		9D8AB4481CD783B30098451A /* KeychainAccess.framework */ = {isa = PBXFileReference; lastKnownFileType = wrapper.framework; name = KeychainAccess.framework; path = Carthage/Build/iOS/KeychainAccess.framework; sourceTree = "<group>"; };
		9D8AB44B1CD787810098451A /* libz.tbd */ = {isa = PBXFileReference; lastKnownFileType = "sourcecode.text-based-dylib-definition"; name = libz.tbd; path = usr/lib/libz.tbd; sourceTree = SDKROOT; };
		9D8AB44D1CD789AE0098451A /* libMobClickLibrary.a */ = {isa = PBXFileReference; lastKnownFileType = archive.ar; name = libMobClickLibrary.a; path = QSCMobileV3/Vendors/libMobClickLibrary.a; sourceTree = "<group>"; };
		9D8AB44F1CD789B10098451A /* libUMessage_Sdk_1.2.6.a */ = {isa = PBXFileReference; lastKnownFileType = archive.ar; name = libUMessage_Sdk_1.2.6.a; path = QSCMobileV3/Vendors/libUMessage_Sdk_1.2.6.a; sourceTree = "<group>"; };
		9DA178AC1CDB73F100394647 /* AboutViewController.swift */ = {isa = PBXFileReference; fileEncoding = 4; lastKnownFileType = sourcecode.swift; path = AboutViewController.swift; sourceTree = "<group>"; };
		9DA178B81CDE301500394647 /* About.html */ = {isa = PBXFileReference; lastKnownFileType = text.html; path = About.html; sourceTree = "<group>"; };
		9DCDE77C1C0728E40087C31F /* Exam.swift */ = {isa = PBXFileReference; fileEncoding = 4; lastKnownFileType = sourcecode.swift; name = Exam.swift; path = CoreData/Exam.swift; sourceTree = "<group>"; };
		9DCDE77E1C0728E40087C31F /* Course.swift */ = {isa = PBXFileReference; fileEncoding = 4; lastKnownFileType = sourcecode.swift; name = Course.swift; path = CoreData/Course.swift; sourceTree = "<group>"; };
		9DCDE7801C0728E40087C31F /* Score.swift */ = {isa = PBXFileReference; fileEncoding = 4; lastKnownFileType = sourcecode.swift; name = Score.swift; path = CoreData/Score.swift; sourceTree = "<group>"; };
		9DCDE78A1C083C070087C31F /* Bus.swift */ = {isa = PBXFileReference; fileEncoding = 4; lastKnownFileType = sourcecode.swift; name = Bus.swift; path = CoreData/Bus.swift; sourceTree = "<group>"; };
		9DCDE78C1C083C070087C31F /* TimePlace.swift */ = {isa = PBXFileReference; fileEncoding = 4; lastKnownFileType = sourcecode.swift; name = TimePlace.swift; path = CoreData/TimePlace.swift; sourceTree = "<group>"; };
		9DCDE78E1C083C070087C31F /* Adjustment.swift */ = {isa = PBXFileReference; fileEncoding = 4; lastKnownFileType = sourcecode.swift; name = Adjustment.swift; path = CoreData/Adjustment.swift; sourceTree = "<group>"; };
		9DCDE7901C083C070087C31F /* Holiday.swift */ = {isa = PBXFileReference; fileEncoding = 4; lastKnownFileType = sourcecode.swift; name = Holiday.swift; path = CoreData/Holiday.swift; sourceTree = "<group>"; };
		9DCDE7921C083C070087C31F /* SemesterScore.swift */ = {isa = PBXFileReference; fileEncoding = 4; lastKnownFileType = sourcecode.swift; name = SemesterScore.swift; path = CoreData/SemesterScore.swift; sourceTree = "<group>"; };
		9DCDE7941C083C070087C31F /* User.swift */ = {isa = PBXFileReference; fileEncoding = 4; lastKnownFileType = sourcecode.swift; name = User.swift; path = CoreData/User.swift; sourceTree = "<group>"; };
		9DCDE7961C083C070087C31F /* BusStop.swift */ = {isa = PBXFileReference; fileEncoding = 4; lastKnownFileType = sourcecode.swift; name = BusStop.swift; path = CoreData/BusStop.swift; sourceTree = "<group>"; };
		9DCDE7981C083C070087C31F /* Year.swift */ = {isa = PBXFileReference; fileEncoding = 4; lastKnownFileType = sourcecode.swift; name = Year.swift; path = CoreData/Year.swift; sourceTree = "<group>"; };
		9DCDE79A1C083C070087C31F /* Semester.swift */ = {isa = PBXFileReference; fileEncoding = 4; lastKnownFileType = sourcecode.swift; name = Semester.swift; path = CoreData/Semester.swift; sourceTree = "<group>"; };
		9DCDE7AF1C08401D0087C31F /* APISession.swift */ = {isa = PBXFileReference; fileEncoding = 4; lastKnownFileType = sourcecode.swift; name = APISession.swift; path = Mobile/APISession.swift; sourceTree = "<group>"; };
		9DCDE7B61C0841130087C31F /* Common.swift */ = {isa = PBXFileReference; fileEncoding = 4; lastKnownFileType = sourcecode.swift; path = Common.swift; sourceTree = "<group>"; };
		9DE0342B1C0D5E8A004A7755 /* NSManagedObject+Init.swift */ = {isa = PBXFileReference; fileEncoding = 4; lastKnownFileType = sourcecode.swift; name = "NSManagedObject+Init.swift"; path = "CoreData/NSManagedObject+Init.swift"; sourceTree = "<group>"; };
		9DE34AEA1C08AC9000C9534A /* QSCMobileV3-Bridging-Header.h */ = {isa = PBXFileReference; fileEncoding = 4; lastKnownFileType = sourcecode.c.h; path = "QSCMobileV3-Bridging-Header.h"; sourceTree = "<group>"; };
		9DE34AEB1C09973000C9534A /* QSCMobileKit-Bridging-Header.h */ = {isa = PBXFileReference; fileEncoding = 4; lastKnownFileType = sourcecode.c.h; path = "QSCMobileKit-Bridging-Header.h"; sourceTree = "<group>"; };
		9DE34AF91C0999DC00C9534A /* Info.plist */ = {isa = PBXFileReference; fileEncoding = 4; lastKnownFileType = text.plist.xml; path = Info.plist; sourceTree = "<group>"; };
		9DEF303B1BFD7C1800508504 /* QSCMobileModel.xcdatamodel */ = {isa = PBXFileReference; lastKnownFileType = wrapper.xcdatamodel; path = QSCMobileModel.xcdatamodel; sourceTree = "<group>"; };
		9DEF63851C12FD2F00A70C5B /* TodayViewController.swift */ = {isa = PBXFileReference; fileEncoding = 4; lastKnownFileType = sourcecode.swift; path = TodayViewController.swift; sourceTree = "<group>"; };
		9DEF63871C12FD8A00A70C5B /* CalendarViewController.swift */ = {isa = PBXFileReference; fileEncoding = 4; lastKnownFileType = sourcecode.swift; path = CalendarViewController.swift; sourceTree = "<group>"; };
		9DEF63891C12FD9F00A70C5B /* ToolsViewController.swift */ = {isa = PBXFileReference; fileEncoding = 4; lastKnownFileType = sourcecode.swift; path = ToolsViewController.swift; sourceTree = "<group>"; };
		9DEF638B1C12FDC200A70C5B /* DiscoveryViewController.swift */ = {isa = PBXFileReference; fileEncoding = 4; lastKnownFileType = sourcecode.swift; path = DiscoveryViewController.swift; sourceTree = "<group>"; };
		9DEF638D1C12FDD200A70C5B /* PreferenceViewController.swift */ = {isa = PBXFileReference; fileEncoding = 4; lastKnownFileType = sourcecode.swift; path = PreferenceViewController.swift; sourceTree = "<group>"; };
		9DF6125D1BAA89CC004B0A8A /* QSCMobileKit.framework */ = {isa = PBXFileReference; explicitFileType = wrapper.framework; includeInIndex = 0; path = QSCMobileKit.framework; sourceTree = BUILT_PRODUCTS_DIR; };
		9DF6127F1BAA8A03004B0A8A /* TodayExtension.appex */ = {isa = PBXFileReference; explicitFileType = "wrapper.app-extension"; includeInIndex = 0; path = TodayExtension.appex; sourceTree = BUILT_PRODUCTS_DIR; };
		9DF612811BAA8A03004B0A8A /* NotificationCenter.framework */ = {isa = PBXFileReference; lastKnownFileType = wrapper.framework; name = NotificationCenter.framework; path = System/Library/Frameworks/NotificationCenter.framework; sourceTree = SDKROOT; };
		9DF612841BAA8A03004B0A8A /* TodayViewController.swift */ = {isa = PBXFileReference; lastKnownFileType = sourcecode.swift; path = TodayViewController.swift; sourceTree = "<group>"; };
		9DF612871BAA8A03004B0A8A /* Base */ = {isa = PBXFileReference; lastKnownFileType = file.storyboard; name = Base; path = Base.lproj/MainInterface.storyboard; sourceTree = "<group>"; };
		9DF612891BAA8A03004B0A8A /* Info.plist */ = {isa = PBXFileReference; lastKnownFileType = text.plist.xml; path = Info.plist; sourceTree = "<group>"; };
		9DF612951BAA8A32004B0A8A /* ShareExtension.appex */ = {isa = PBXFileReference; explicitFileType = "wrapper.app-extension"; includeInIndex = 0; path = ShareExtension.appex; sourceTree = BUILT_PRODUCTS_DIR; };
		9DF612971BAA8A32004B0A8A /* ShareViewController.swift */ = {isa = PBXFileReference; lastKnownFileType = sourcecode.swift; path = ShareViewController.swift; sourceTree = "<group>"; };
		9DF6129A1BAA8A32004B0A8A /* Base */ = {isa = PBXFileReference; lastKnownFileType = file.storyboard; name = Base; path = Base.lproj/MainInterface.storyboard; sourceTree = "<group>"; };
		9DF6129C1BAA8A32004B0A8A /* Info.plist */ = {isa = PBXFileReference; lastKnownFileType = text.plist.xml; path = Info.plist; sourceTree = "<group>"; };
/* End PBXFileReference section */

/* Begin PBXFrameworksBuildPhase section */
		04C331C21BA2F2E600EF959F /* Frameworks */ = {
			isa = PBXFrameworksBuildPhase;
			buildActionMask = 2147483647;
			files = (
				9D8AB44C1CD787810098451A /* libz.tbd in Frameworks */,
				9D3483791CD83E2000EFF8C6 /* libMobClickLibrary.a in Frameworks */,
				9D34837A1CD83E2200EFF8C6 /* libUMessage_Sdk_1.2.6.a in Frameworks */,
			);
			runOnlyForDeploymentPostprocessing = 0;
		};
		9DF612591BAA89CC004B0A8A /* Frameworks */ = {
			isa = PBXFrameworksBuildPhase;
			buildActionMask = 2147483647;
			files = (
				9D031A291CE069E6008F3098 /* Alamofire.framework in Frameworks */,
				9D031A2B1CE069EF008F3098 /* SwiftyJSON.framework in Frameworks */,
				9D031A2A1CE069ED008F3098 /* KeychainAccess.framework in Frameworks */,
			);
			runOnlyForDeploymentPostprocessing = 0;
		};
		9DF6127C1BAA8A03004B0A8A /* Frameworks */ = {
			isa = PBXFrameworksBuildPhase;
			buildActionMask = 2147483647;
			files = (
				9DF612821BAA8A03004B0A8A /* NotificationCenter.framework in Frameworks */,
			);
			runOnlyForDeploymentPostprocessing = 0;
		};
		9DF612921BAA8A32004B0A8A /* Frameworks */ = {
			isa = PBXFrameworksBuildPhase;
			buildActionMask = 2147483647;
			files = (
			);
			runOnlyForDeploymentPostprocessing = 0;
		};
/* End PBXFrameworksBuildPhase section */

/* Begin PBXGroup section */
		04C331BC1BA2F2E600EF959F = {
			isa = PBXGroup;
			children = (
				04C331C71BA2F2E600EF959F /* QSCMobileV3 */,
				9DF6125E1BAA89CC004B0A8A /* QSCMobileKit */,
				9DF612831BAA8A03004B0A8A /* TodayExtension */,
				9DF612961BAA8A32004B0A8A /* ShareExtension */,
				9DF612801BAA8A03004B0A8A /* Frameworks */,
				04C331C61BA2F2E600EF959F /* Products */,
			);
			sourceTree = "<group>";
		};
		04C331C61BA2F2E600EF959F /* Products */ = {
			isa = PBXGroup;
			children = (
				04C331C51BA2F2E600EF959F /* QSCMobileV3.app */,
				9DF6125D1BAA89CC004B0A8A /* QSCMobileKit.framework */,
				9DF6127F1BAA8A03004B0A8A /* TodayExtension.appex */,
				9DF612951BAA8A32004B0A8A /* ShareExtension.appex */,
			);
			name = Products;
			sourceTree = "<group>";
		};
		04C331C71BA2F2E600EF959F /* QSCMobileV3 */ = {
			isa = PBXGroup;
			children = (
				04C331C81BA2F2E600EF959F /* AppDelegate.swift */,
				9DEF63851C12FD2F00A70C5B /* TodayViewController.swift */,
				9DEF63871C12FD8A00A70C5B /* CalendarViewController.swift */,
				9DEF638B1C12FDC200A70C5B /* DiscoveryViewController.swift */,
				9DEF63891C12FD9F00A70C5B /* ToolsViewController.swift */,
				9DEF638D1C12FDD200A70C5B /* PreferenceViewController.swift */,
				9DA178AC1CDB73F100394647 /* AboutViewController.swift */,
				04C331CE1BA2F2E600EF959F /* Main.storyboard */,
				9DEF63841C12FB9000A70C5B /* Support Files */,
			);
			path = QSCMobileV3;
			sourceTree = "<group>";
		};
		9D42D2DA1C1867800066EEFC /* Account */ = {
			isa = PBXGroup;
			children = (
				9D64D4E71C1077A60012BB3F /* AccountManager.swift */,
			);
			name = Account;
			sourceTree = "<group>";
		};
		9D42D2DC1C1867950066EEFC /* Mobile */ = {
			isa = PBXGroup;
			children = (
				9D6A89611C0B11BB008EC60B /* CalendarManager.swift */,
				9D6A895D1C0B0603008EC60B /* MobileManager.swift */,
				9DCDE7AF1C08401D0087C31F /* APISession.swift */,
				9D6A89661C0C4EF7008EC60B /* DataStore.swift */,
			);
			name = Mobile;
			sourceTree = "<group>";
		};
		9D42D2DD1C1867B00066EEFC /* ZJUWLAN */ = {
			isa = PBXGroup;
			children = (
				9D42D2D81C182A2F0066EEFC /* ZjuwlanConnection.swift */,
			);
			name = ZJUWLAN;
			sourceTree = "<group>";
		};
		9D6413311C19AD5200EC5D95 /* Notice */ = {
			isa = PBXGroup;
			children = (
				9D413CA71C1AE51E00E87C42 /* NoticeManager.swift */,
				9D6413321C19AD7500EC5D95 /* NoticeAPI.swift */,
				9D413CA91C1AE61400E87C42 /* NoticeEvent.swift */,
			);
			name = Notice;
			sourceTree = "<group>";
		};
		9DCDE7B11C0840900087C31F /* Support Files */ = {
			isa = PBXGroup;
			children = (
				9DE34AEB1C09973000C9534A /* QSCMobileKit-Bridging-Header.h */,
				9DE34AF91C0999DC00C9534A /* Info.plist */,
			);
			name = "Support Files";
			sourceTree = "<group>";
		};
		9DEF30391BFD7B8100508504 /* CoreData */ = {
			isa = PBXGroup;
			children = (
				9DEF303A1BFD7C1800508504 /* QSCMobileModel.xcdatamodeld */,
				9DCDE7941C083C070087C31F /* User.swift */,
				9DCDE77E1C0728E40087C31F /* Course.swift */,
				9DCDE78C1C083C070087C31F /* TimePlace.swift */,
				9DCDE77C1C0728E40087C31F /* Exam.swift */,
				9DCDE7801C0728E40087C31F /* Score.swift */,
				9DCDE7921C083C070087C31F /* SemesterScore.swift */,
				9D5D164C1C52360B003AC6F2 /* Statistics.swift */,
				9DCDE7981C083C070087C31F /* Year.swift */,
				9DCDE79A1C083C070087C31F /* Semester.swift */,
				9DCDE7901C083C070087C31F /* Holiday.swift */,
				9DCDE78E1C083C070087C31F /* Adjustment.swift */,
				9DCDE78A1C083C070087C31F /* Bus.swift */,
				9DCDE7961C083C070087C31F /* BusStop.swift */,
				9DE0342B1C0D5E8A004A7755 /* NSManagedObject+Init.swift */,
			);
			name = CoreData;
			sourceTree = "<group>";
		};
		9DEF63841C12FB9000A70C5B /* Support Files */ = {
			isa = PBXGroup;
			children = (
				9DE34AEA1C08AC9000C9534A /* QSCMobileV3-Bridging-Header.h */,
				04C331D31BA2F2E600EF959F /* LaunchScreen.storyboard */,
				04C331D11BA2F2E600EF959F /* Assets.xcassets */,
				9DA178B81CDE301500394647 /* About.html */,
				04C331D61BA2F2E600EF959F /* Info.plist */,
				9D6A89631C0C2E89008EC60B /* QSCMobileV3.entitlements */,
			);
			name = "Support Files";
			sourceTree = "<group>";
		};
		9DF6125E1BAA89CC004B0A8A /* QSCMobileKit */ = {
			isa = PBXGroup;
			children = (
				9DCDE7B61C0841130087C31F /* Common.swift */,
				9D42D2DA1C1867800066EEFC /* Account */,
				9D42D2DC1C1867950066EEFC /* Mobile */,
				9DEF30391BFD7B8100508504 /* CoreData */,
				9D42D2DD1C1867B00066EEFC /* ZJUWLAN */,
				9D6413311C19AD5200EC5D95 /* Notice */,
				9DCDE7B11C0840900087C31F /* Support Files */,
			);
			path = QSCMobileKit;
			sourceTree = "<group>";
		};
		9DF612801BAA8A03004B0A8A /* Frameworks */ = {
			isa = PBXGroup;
			children = (
				9D8AB44F1CD789B10098451A /* libUMessage_Sdk_1.2.6.a */,
				9D8AB44D1CD789AE0098451A /* libMobClickLibrary.a */,
				9D8AB44B1CD787810098451A /* libz.tbd */,
				9D8AB4481CD783B30098451A /* KeychainAccess.framework */,
				9D8AB4461CD783AF0098451A /* SwiftyJSON.framework */,
				9D8AB4441CD7838B0098451A /* Alamofire.framework */,
				9DF612811BAA8A03004B0A8A /* NotificationCenter.framework */,
			);
			name = Frameworks;
			sourceTree = "<group>";
		};
		9DF612831BAA8A03004B0A8A /* TodayExtension */ = {
			isa = PBXGroup;
			children = (
				9D6A89641C0C30E9008EC60B /* TodayExtension.entitlements */,
				9DF612841BAA8A03004B0A8A /* TodayViewController.swift */,
				9DF612861BAA8A03004B0A8A /* MainInterface.storyboard */,
				9DF612891BAA8A03004B0A8A /* Info.plist */,
			);
			path = TodayExtension;
			sourceTree = "<group>";
		};
		9DF612961BAA8A32004B0A8A /* ShareExtension */ = {
			isa = PBXGroup;
			children = (
				9DF612971BAA8A32004B0A8A /* ShareViewController.swift */,
				9DF612991BAA8A32004B0A8A /* MainInterface.storyboard */,
				9DF6129C1BAA8A32004B0A8A /* Info.plist */,
			);
			path = ShareExtension;
			sourceTree = "<group>";
		};
/* End PBXGroup section */

/* Begin PBXHeadersBuildPhase section */
		9DF6125A1BAA89CC004B0A8A /* Headers */ = {
			isa = PBXHeadersBuildPhase;
			buildActionMask = 2147483647;
			files = (
				9DE34AED1C09973000C9534A /* QSCMobileKit-Bridging-Header.h in Headers */,
			);
			runOnlyForDeploymentPostprocessing = 0;
		};
/* End PBXHeadersBuildPhase section */

/* Begin PBXNativeTarget section */
		04C331C41BA2F2E600EF959F /* QSCMobileV3 */ = {
			isa = PBXNativeTarget;
			buildConfigurationList = 04C331EF1BA2F2E700EF959F /* Build configuration list for PBXNativeTarget "QSCMobileV3" */;
			buildPhases = (
				04C331C11BA2F2E600EF959F /* Sources */,
				04C331C21BA2F2E600EF959F /* Frameworks */,
				04C331C31BA2F2E600EF959F /* Resources */,
				9DF612791BAA89CC004B0A8A /* Embed Frameworks */,
				9DF612901BAA8A03004B0A8A /* Embed App Extensions */,
			);
			buildRules = (
			);
			dependencies = (
				9DF612711BAA89CC004B0A8A /* PBXTargetDependency */,
				9DF6128B1BAA8A03004B0A8A /* PBXTargetDependency */,
				9DF6129E1BAA8A32004B0A8A /* PBXTargetDependency */,
			);
			name = QSCMobileV3;
			productName = QSCMobileV3;
			productReference = 04C331C51BA2F2E600EF959F /* QSCMobileV3.app */;
			productType = "com.apple.product-type.application";
		};
		9DF6125C1BAA89CC004B0A8A /* QSCMobileKit */ = {
			isa = PBXNativeTarget;
			buildConfigurationList = 9DF612781BAA89CC004B0A8A /* Build configuration list for PBXNativeTarget "QSCMobileKit" */;
			buildPhases = (
				9DF612581BAA89CC004B0A8A /* Sources */,
				9DF612591BAA89CC004B0A8A /* Frameworks */,
				9DF6125A1BAA89CC004B0A8A /* Headers */,
				9DF6125B1BAA89CC004B0A8A /* Resources */,
				9D031A2E1CE06A44008F3098 /* ShellScript */,
			);
			buildRules = (
			);
			dependencies = (
			);
			name = QSCMobileKit;
			productName = QSCMobileKit;
			productReference = 9DF6125D1BAA89CC004B0A8A /* QSCMobileKit.framework */;
			productType = "com.apple.product-type.framework";
		};
		9DF6127E1BAA8A03004B0A8A /* TodayExtension */ = {
			isa = PBXNativeTarget;
			buildConfigurationList = 9DF6128D1BAA8A03004B0A8A /* Build configuration list for PBXNativeTarget "TodayExtension" */;
			buildPhases = (
				9DF6127B1BAA8A03004B0A8A /* Sources */,
				9DF6127C1BAA8A03004B0A8A /* Frameworks */,
				9DF6127D1BAA8A03004B0A8A /* Resources */,
			);
			buildRules = (
			);
			dependencies = (
			);
			name = TodayExtension;
			productName = TodayExtension;
			productReference = 9DF6127F1BAA8A03004B0A8A /* TodayExtension.appex */;
			productType = "com.apple.product-type.app-extension";
		};
		9DF612941BAA8A32004B0A8A /* ShareExtension */ = {
			isa = PBXNativeTarget;
			buildConfigurationList = 9DF612A01BAA8A32004B0A8A /* Build configuration list for PBXNativeTarget "ShareExtension" */;
			buildPhases = (
				9DF612911BAA8A32004B0A8A /* Sources */,
				9DF612921BAA8A32004B0A8A /* Frameworks */,
				9DF612931BAA8A32004B0A8A /* Resources */,
			);
			buildRules = (
			);
			dependencies = (
			);
			name = ShareExtension;
			productName = ShareExtension;
			productReference = 9DF612951BAA8A32004B0A8A /* ShareExtension.appex */;
			productType = "com.apple.product-type.app-extension";
		};
/* End PBXNativeTarget section */

/* Begin PBXProject section */
		04C331BD1BA2F2E600EF959F /* Project object */ = {
			isa = PBXProject;
			attributes = {
				LastSwiftUpdateCheck = 0710;
				LastUpgradeCheck = 0700;
				ORGANIZATIONNAME = "QSC Tech";
				TargetAttributes = {
					04C331C41BA2F2E600EF959F = {
						CreatedOnToolsVersion = 7.0;
						DevelopmentTeam = RURVDL9XJS;
						SystemCapabilities = {
							com.apple.ApplicationGroups.iOS = {
								enabled = 1;
							};
							com.apple.Keychain = {
								enabled = 0;
							};
							com.apple.Push = {
								enabled = 1;
							};
						};
					};
					9DF6125C1BAA89CC004B0A8A = {
						CreatedOnToolsVersion = 7.0;
						DevelopmentTeam = RURVDL9XJS;
					};
					9DF6127E1BAA8A03004B0A8A = {
						CreatedOnToolsVersion = 7.0;
						DevelopmentTeam = RURVDL9XJS;
						SystemCapabilities = {
							com.apple.ApplicationGroups.iOS = {
								enabled = 1;
							};
						};
					};
					9DF612941BAA8A32004B0A8A = {
						CreatedOnToolsVersion = 7.0;
						DevelopmentTeam = RURVDL9XJS;
					};
				};
			};
			buildConfigurationList = 04C331C01BA2F2E600EF959F /* Build configuration list for PBXProject "QSCMobileV3" */;
			compatibilityVersion = "Xcode 3.2";
			developmentRegion = English;
			hasScannedForEncodings = 0;
			knownRegions = (
				en,
				Base,
			);
			mainGroup = 04C331BC1BA2F2E600EF959F;
			productRefGroup = 04C331C61BA2F2E600EF959F /* Products */;
			projectDirPath = "";
			projectRoot = "";
			targets = (
				04C331C41BA2F2E600EF959F /* QSCMobileV3 */,
				9DF6125C1BAA89CC004B0A8A /* QSCMobileKit */,
				9DF6127E1BAA8A03004B0A8A /* TodayExtension */,
				9DF612941BAA8A32004B0A8A /* ShareExtension */,
			);
		};
/* End PBXProject section */

/* Begin PBXResourcesBuildPhase section */
		04C331C31BA2F2E600EF959F /* Resources */ = {
			isa = PBXResourcesBuildPhase;
			buildActionMask = 2147483647;
			files = (
				04C331D21BA2F2E600EF959F /* Assets.xcassets in Resources */,
				04C331D51BA2F2E600EF959F /* LaunchScreen.storyboard in Resources */,
				04C331D01BA2F2E600EF959F /* Main.storyboard in Resources */,
				9DA178B91CDE301500394647 /* About.html in Resources */,
			);
			runOnlyForDeploymentPostprocessing = 0;
		};
		9DF6125B1BAA89CC004B0A8A /* Resources */ = {
			isa = PBXResourcesBuildPhase;
			buildActionMask = 2147483647;
			files = (
			);
			runOnlyForDeploymentPostprocessing = 0;
		};
		9DF6127D1BAA8A03004B0A8A /* Resources */ = {
			isa = PBXResourcesBuildPhase;
			buildActionMask = 2147483647;
			files = (
				9DF612881BAA8A03004B0A8A /* MainInterface.storyboard in Resources */,
			);
			runOnlyForDeploymentPostprocessing = 0;
		};
		9DF612931BAA8A32004B0A8A /* Resources */ = {
			isa = PBXResourcesBuildPhase;
			buildActionMask = 2147483647;
			files = (
				9DF6129B1BAA8A32004B0A8A /* MainInterface.storyboard in Resources */,
			);
			runOnlyForDeploymentPostprocessing = 0;
		};
/* End PBXResourcesBuildPhase section */

/* Begin PBXShellScriptBuildPhase section */
		9D031A2E1CE06A44008F3098 /* ShellScript */ = {
			isa = PBXShellScriptBuildPhase;
			buildActionMask = 2147483647;
			files = (
			);
			inputPaths = (
				"$(SRCROOT)/Carthage/Build/iOS/Alamofire.framework",
				"$(SRCROOT)/Carthage/Build/iOS/SwiftyJSON.framework",
				"$(SRCROOT)/Carthage/Build/iOS/KeychainAccess.framework",
			);
			outputPaths = (
			);
			runOnlyForDeploymentPostprocessing = 0;
			shellPath = /bin/sh;
			shellScript = "/usr/local/bin/carthage copy-frameworks";
			showEnvVarsInLog = 0;
		};
/* End PBXShellScriptBuildPhase section */

/* Begin PBXSourcesBuildPhase section */
		04C331C11BA2F2E600EF959F /* Sources */ = {
			isa = PBXSourcesBuildPhase;
			buildActionMask = 2147483647;
			files = (
				9DEF638A1C12FD9F00A70C5B /* ToolsViewController.swift in Sources */,
				9DEF63881C12FD8A00A70C5B /* CalendarViewController.swift in Sources */,
				9DEF63861C12FD2F00A70C5B /* TodayViewController.swift in Sources */,
				9DA178AD1CDB73F100394647 /* AboutViewController.swift in Sources */,
				9DEF638E1C12FDD200A70C5B /* PreferenceViewController.swift in Sources */,
				9DEF638C1C12FDC200A70C5B /* DiscoveryViewController.swift in Sources */,
				04C331C91BA2F2E600EF959F /* AppDelegate.swift in Sources */,
			);
			runOnlyForDeploymentPostprocessing = 0;
		};
		9DF612581BAA89CC004B0A8A /* Sources */ = {
			isa = PBXSourcesBuildPhase;
			buildActionMask = 2147483647;
			files = (
				9D413CAA1C1AE61400E87C42 /* NoticeEvent.swift in Sources */,
				9D5D164D1C52360B003AC6F2 /* Statistics.swift in Sources */,
				9D6A89621C0B11BB008EC60B /* CalendarManager.swift in Sources */,
				9DCDE79E1C083C070087C31F /* Bus.swift in Sources */,
				9DCDE7AA1C083C070087C31F /* BusStop.swift in Sources */,
				9D6A89671C0C4EF7008EC60B /* DataStore.swift in Sources */,
				9DCDE7861C0728E40087C31F /* Score.swift in Sources */,
				9DCDE7B01C08401D0087C31F /* APISession.swift in Sources */,
				9D413CA81C1AE51E00E87C42 /* NoticeManager.swift in Sources */,
				9DE0342C1C0D5E8A004A7755 /* NSManagedObject+Init.swift in Sources */,
				9DEF303C1BFD7C1800508504 /* QSCMobileModel.xcdatamodeld in Sources */,
				9DCDE7AE1C083C070087C31F /* Semester.swift in Sources */,
				9D64D4E81C1077A60012BB3F /* AccountManager.swift in Sources */,
				9D6A895E1C0B0603008EC60B /* MobileManager.swift in Sources */,
				9DCDE7B71C0841130087C31F /* Common.swift in Sources */,
				9DCDE7841C0728E40087C31F /* Course.swift in Sources */,
				9DCDE7A41C083C070087C31F /* Holiday.swift in Sources */,
				9D6413331C19AD7500EC5D95 /* NoticeAPI.swift in Sources */,
				9DCDE7A61C083C070087C31F /* SemesterScore.swift in Sources */,
				9DCDE7A21C083C070087C31F /* Adjustment.swift in Sources */,
				9DCDE7A01C083C070087C31F /* TimePlace.swift in Sources */,
				9DCDE7AC1C083C070087C31F /* Year.swift in Sources */,
				9DCDE7821C0728E40087C31F /* Exam.swift in Sources */,
				9D42D2D91C182A2F0066EEFC /* ZjuwlanConnection.swift in Sources */,
				9DCDE7A81C083C070087C31F /* User.swift in Sources */,
			);
			runOnlyForDeploymentPostprocessing = 0;
		};
		9DF6127B1BAA8A03004B0A8A /* Sources */ = {
			isa = PBXSourcesBuildPhase;
			buildActionMask = 2147483647;
			files = (
				9DF612851BAA8A03004B0A8A /* TodayViewController.swift in Sources */,
			);
			runOnlyForDeploymentPostprocessing = 0;
		};
		9DF612911BAA8A32004B0A8A /* Sources */ = {
			isa = PBXSourcesBuildPhase;
			buildActionMask = 2147483647;
			files = (
				9DF612981BAA8A32004B0A8A /* ShareViewController.swift in Sources */,
			);
			runOnlyForDeploymentPostprocessing = 0;
		};
/* End PBXSourcesBuildPhase section */

/* Begin PBXTargetDependency section */
		9DF612711BAA89CC004B0A8A /* PBXTargetDependency */ = {
			isa = PBXTargetDependency;
			target = 9DF6125C1BAA89CC004B0A8A /* QSCMobileKit */;
			targetProxy = 9DF612701BAA89CC004B0A8A /* PBXContainerItemProxy */;
		};
		9DF6128B1BAA8A03004B0A8A /* PBXTargetDependency */ = {
			isa = PBXTargetDependency;
			target = 9DF6127E1BAA8A03004B0A8A /* TodayExtension */;
			targetProxy = 9DF6128A1BAA8A03004B0A8A /* PBXContainerItemProxy */;
		};
		9DF6129E1BAA8A32004B0A8A /* PBXTargetDependency */ = {
			isa = PBXTargetDependency;
			target = 9DF612941BAA8A32004B0A8A /* ShareExtension */;
			targetProxy = 9DF6129D1BAA8A32004B0A8A /* PBXContainerItemProxy */;
		};
/* End PBXTargetDependency section */

/* Begin PBXVariantGroup section */
		04C331CE1BA2F2E600EF959F /* Main.storyboard */ = {
			isa = PBXVariantGroup;
			children = (
				04C331CF1BA2F2E600EF959F /* Base */,
			);
			name = Main.storyboard;
			sourceTree = "<group>";
		};
		04C331D31BA2F2E600EF959F /* LaunchScreen.storyboard */ = {
			isa = PBXVariantGroup;
			children = (
				04C331D41BA2F2E600EF959F /* Base */,
			);
			name = LaunchScreen.storyboard;
			sourceTree = "<group>";
		};
		9DF612861BAA8A03004B0A8A /* MainInterface.storyboard */ = {
			isa = PBXVariantGroup;
			children = (
				9DF612871BAA8A03004B0A8A /* Base */,
			);
			name = MainInterface.storyboard;
			sourceTree = "<group>";
		};
		9DF612991BAA8A32004B0A8A /* MainInterface.storyboard */ = {
			isa = PBXVariantGroup;
			children = (
				9DF6129A1BAA8A32004B0A8A /* Base */,
			);
			name = MainInterface.storyboard;
			sourceTree = "<group>";
		};
/* End PBXVariantGroup section */

/* Begin XCBuildConfiguration section */
		04C331ED1BA2F2E700EF959F /* Debug */ = {
			isa = XCBuildConfiguration;
			buildSettings = {
				ALWAYS_SEARCH_USER_PATHS = NO;
				CLANG_CXX_LANGUAGE_STANDARD = "gnu++0x";
				CLANG_CXX_LIBRARY = "libc++";
				CLANG_ENABLE_MODULES = YES;
				CLANG_ENABLE_OBJC_ARC = YES;
				CLANG_WARN_BOOL_CONVERSION = YES;
				CLANG_WARN_CONSTANT_CONVERSION = YES;
				CLANG_WARN_DIRECT_OBJC_ISA_USAGE = YES_ERROR;
				CLANG_WARN_EMPTY_BODY = YES;
				CLANG_WARN_ENUM_CONVERSION = YES;
				CLANG_WARN_INT_CONVERSION = YES;
				CLANG_WARN_OBJC_ROOT_CLASS = YES_ERROR;
				CLANG_WARN_UNREACHABLE_CODE = YES;
				CLANG_WARN__DUPLICATE_METHOD_MATCH = YES;
				"CODE_SIGN_IDENTITY[sdk=iphoneos*]" = "iPhone Developer";
				COPY_PHASE_STRIP = NO;
				DEBUG_INFORMATION_FORMAT = dwarf;
				ENABLE_STRICT_OBJC_MSGSEND = YES;
				ENABLE_TESTABILITY = YES;
				GCC_C_LANGUAGE_STANDARD = gnu99;
				GCC_DYNAMIC_NO_PIC = NO;
				GCC_NO_COMMON_BLOCKS = YES;
				GCC_OPTIMIZATION_LEVEL = 0;
				GCC_PREPROCESSOR_DEFINITIONS = (
					"DEBUG=1",
					"$(inherited)",
				);
				GCC_WARN_64_TO_32_BIT_CONVERSION = YES;
				GCC_WARN_ABOUT_RETURN_TYPE = YES_ERROR;
				GCC_WARN_UNDECLARED_SELECTOR = YES;
				GCC_WARN_UNINITIALIZED_AUTOS = YES_AGGRESSIVE;
				GCC_WARN_UNUSED_FUNCTION = YES;
				GCC_WARN_UNUSED_VARIABLE = YES;
				IPHONEOS_DEPLOYMENT_TARGET = 8.0;
				MTL_ENABLE_DEBUG_INFO = YES;
				ONLY_ACTIVE_ARCH = YES;
				SDKROOT = iphoneos;
				SWIFT_OPTIMIZATION_LEVEL = "-Onone";
				TARGETED_DEVICE_FAMILY = "1,2";
			};
			name = Debug;
		};
		04C331EE1BA2F2E700EF959F /* Release */ = {
			isa = XCBuildConfiguration;
			buildSettings = {
				ALWAYS_SEARCH_USER_PATHS = NO;
				CLANG_CXX_LANGUAGE_STANDARD = "gnu++0x";
				CLANG_CXX_LIBRARY = "libc++";
				CLANG_ENABLE_MODULES = YES;
				CLANG_ENABLE_OBJC_ARC = YES;
				CLANG_WARN_BOOL_CONVERSION = YES;
				CLANG_WARN_CONSTANT_CONVERSION = YES;
				CLANG_WARN_DIRECT_OBJC_ISA_USAGE = YES_ERROR;
				CLANG_WARN_EMPTY_BODY = YES;
				CLANG_WARN_ENUM_CONVERSION = YES;
				CLANG_WARN_INT_CONVERSION = YES;
				CLANG_WARN_OBJC_ROOT_CLASS = YES_ERROR;
				CLANG_WARN_UNREACHABLE_CODE = YES;
				CLANG_WARN__DUPLICATE_METHOD_MATCH = YES;
				"CODE_SIGN_IDENTITY[sdk=iphoneos*]" = "iPhone Developer";
				COPY_PHASE_STRIP = NO;
				DEBUG_INFORMATION_FORMAT = "dwarf-with-dsym";
				ENABLE_NS_ASSERTIONS = NO;
				ENABLE_STRICT_OBJC_MSGSEND = YES;
				GCC_C_LANGUAGE_STANDARD = gnu99;
				GCC_NO_COMMON_BLOCKS = YES;
				GCC_WARN_64_TO_32_BIT_CONVERSION = YES;
				GCC_WARN_ABOUT_RETURN_TYPE = YES_ERROR;
				GCC_WARN_UNDECLARED_SELECTOR = YES;
				GCC_WARN_UNINITIALIZED_AUTOS = YES_AGGRESSIVE;
				GCC_WARN_UNUSED_FUNCTION = YES;
				GCC_WARN_UNUSED_VARIABLE = YES;
				IPHONEOS_DEPLOYMENT_TARGET = 8.0;
				MTL_ENABLE_DEBUG_INFO = NO;
				SDKROOT = iphoneos;
				TARGETED_DEVICE_FAMILY = "1,2";
				VALIDATE_PRODUCT = YES;
			};
			name = Release;
		};
		04C331F01BA2F2E700EF959F /* Debug */ = {
			isa = XCBuildConfiguration;
			buildSettings = {
				ASSETCATALOG_COMPILER_APPICON_NAME = AppIcon;
				CLANG_ENABLE_MODULES = YES;
				CODE_SIGN_ENTITLEMENTS = QSCMobileV3/QSCMobileV3.entitlements;
				CODE_SIGN_IDENTITY = "iPhone Developer";
				"CODE_SIGN_IDENTITY[sdk=iphoneos*]" = "iPhone Developer";
				CURRENT_PROJECT_VERSION = 30000;
				EMBEDDED_CONTENT_CONTAINS_SWIFT = YES;
				FRAMEWORK_SEARCH_PATHS = (
					"$(inherited)",
					"$(PROJECT_DIR)/Carthage/Build/iOS",
				);
				HEADER_SEARCH_PATHS = "$(PROJECT_DIR)/QSCMobileV3/Vendors";
				INFOPLIST_FILE = QSCMobileV3/Info.plist;
				LD_RUNPATH_SEARCH_PATHS = "$(inherited) @executable_path/Frameworks";
				LIBRARY_SEARCH_PATHS = (
					"$(inherited)",
					"$(PROJECT_DIR)/QSCMobileV3/Vendors",
				);
				PRODUCT_BUNDLE_IDENTIFIER = com.myqsc.iQSC;
				PRODUCT_NAME = "$(TARGET_NAME)";
				PROVISIONING_PROFILE = "";
				SWIFT_OBJC_BRIDGING_HEADER = "QSCMobileV3/QSCMobileV3-Bridging-Header.h";
				SWIFT_OPTIMIZATION_LEVEL = "-Onone";
				VERSIONING_SYSTEM = "apple-generic";
			};
			name = Debug;
		};
		04C331F11BA2F2E700EF959F /* Release */ = {
			isa = XCBuildConfiguration;
			buildSettings = {
				ASSETCATALOG_COMPILER_APPICON_NAME = AppIcon;
				CLANG_ENABLE_MODULES = YES;
				CODE_SIGN_ENTITLEMENTS = QSCMobileV3/QSCMobileV3.entitlements;
				CODE_SIGN_IDENTITY = "iPhone Developer";
				"CODE_SIGN_IDENTITY[sdk=iphoneos*]" = "iPhone Developer";
				CURRENT_PROJECT_VERSION = 30000;
				EMBEDDED_CONTENT_CONTAINS_SWIFT = YES;
				FRAMEWORK_SEARCH_PATHS = (
					"$(inherited)",
					"$(PROJECT_DIR)/Carthage/Build/iOS",
				);
				HEADER_SEARCH_PATHS = "$(PROJECT_DIR)/QSCMobileV3/Vendors";
				INFOPLIST_FILE = QSCMobileV3/Info.plist;
				LD_RUNPATH_SEARCH_PATHS = "$(inherited) @executable_path/Frameworks";
				LIBRARY_SEARCH_PATHS = (
					"$(inherited)",
					"$(PROJECT_DIR)/QSCMobileV3/Vendors",
				);
				PRODUCT_BUNDLE_IDENTIFIER = com.myqsc.iQSC;
				PRODUCT_NAME = "$(TARGET_NAME)";
				PROVISIONING_PROFILE = "";
				SWIFT_OBJC_BRIDGING_HEADER = "QSCMobileV3/QSCMobileV3-Bridging-Header.h";
				VERSIONING_SYSTEM = "apple-generic";
			};
			name = Release;
		};
		9DF612741BAA89CC004B0A8A /* Debug */ = {
			isa = XCBuildConfiguration;
			buildSettings = {
				APPLICATION_EXTENSION_API_ONLY = YES;
				CLANG_ENABLE_MODULES = YES;
				CODE_SIGN_IDENTITY = "iPhone Developer";
				CURRENT_PROJECT_VERSION = 30000;
				DEFINES_MODULE = YES;
				DYLIB_COMPATIBILITY_VERSION = 1;
				DYLIB_CURRENT_VERSION = 30000;
				DYLIB_INSTALL_NAME_BASE = "@rpath";
				EMBEDDED_CONTENT_CONTAINS_SWIFT = YES;
				FRAMEWORK_SEARCH_PATHS = (
					"$(inherited)",
					"$(PROJECT_DIR)/Carthage/Build/iOS",
				);
				INFOPLIST_FILE = QSCMobileKit/Info.plist;
				INSTALL_PATH = "$(LOCAL_LIBRARY_DIR)/Frameworks";
				LD_RUNPATH_SEARCH_PATHS = "$(inherited) @executable_path/Frameworks @loader_path/Frameworks";
				PRODUCT_BUNDLE_IDENTIFIER = com.myqsc.iQSC.MobileKit;
				PRODUCT_NAME = "$(TARGET_NAME)";
				SKIP_INSTALL = YES;
				SWIFT_OBJC_BRIDGING_HEADER = "QSCMobileKit/QSCMobileKit-Bridging-Header.h";
				SWIFT_OPTIMIZATION_LEVEL = "-Onone";
				VERSIONING_SYSTEM = "apple-generic";
				VERSION_INFO_PREFIX = "";
			};
			name = Debug;
		};
		9DF612751BAA89CC004B0A8A /* Release */ = {
			isa = XCBuildConfiguration;
			buildSettings = {
				APPLICATION_EXTENSION_API_ONLY = YES;
				CLANG_ENABLE_MODULES = YES;
				CODE_SIGN_IDENTITY = "iPhone Developer";
				CURRENT_PROJECT_VERSION = 30000;
				DEFINES_MODULE = YES;
				DYLIB_COMPATIBILITY_VERSION = 1;
				DYLIB_CURRENT_VERSION = 30000;
				DYLIB_INSTALL_NAME_BASE = "@rpath";
				EMBEDDED_CONTENT_CONTAINS_SWIFT = YES;
				FRAMEWORK_SEARCH_PATHS = (
					"$(inherited)",
					"$(PROJECT_DIR)/Carthage/Build/iOS",
				);
				INFOPLIST_FILE = QSCMobileKit/Info.plist;
				INSTALL_PATH = "$(LOCAL_LIBRARY_DIR)/Frameworks";
				LD_RUNPATH_SEARCH_PATHS = "$(inherited) @executable_path/Frameworks @loader_path/Frameworks";
				PRODUCT_BUNDLE_IDENTIFIER = com.myqsc.iQSC.MobileKit;
				PRODUCT_NAME = "$(TARGET_NAME)";
				SKIP_INSTALL = YES;
				SWIFT_OBJC_BRIDGING_HEADER = "QSCMobileKit/QSCMobileKit-Bridging-Header.h";
				VERSIONING_SYSTEM = "apple-generic";
				VERSION_INFO_PREFIX = "";
			};
			name = Release;
		};
		9DF6128E1BAA8A03004B0A8A /* Debug */ = {
			isa = XCBuildConfiguration;
			buildSettings = {
				CODE_SIGN_ENTITLEMENTS = TodayExtension/TodayExtension.entitlements;
				CODE_SIGN_IDENTITY = "iPhone Developer";
				"CODE_SIGN_IDENTITY[sdk=iphoneos*]" = "iPhone Developer";
				CURRENT_PROJECT_VERSION = 30000;
				INFOPLIST_FILE = TodayExtension/Info.plist;
				LD_RUNPATH_SEARCH_PATHS = "$(inherited) @executable_path/Frameworks @executable_path/../../Frameworks";
				PRODUCT_BUNDLE_IDENTIFIER = com.myqsc.iQSC.TodayExtension;
				PRODUCT_NAME = "$(TARGET_NAME)";
				PROVISIONING_PROFILE = "";
				SKIP_INSTALL = YES;
				VERSIONING_SYSTEM = "apple-generic";
			};
			name = Debug;
		};
		9DF6128F1BAA8A03004B0A8A /* Release */ = {
			isa = XCBuildConfiguration;
			buildSettings = {
				CODE_SIGN_ENTITLEMENTS = TodayExtension/TodayExtension.entitlements;
				CODE_SIGN_IDENTITY = "iPhone Developer";
				"CODE_SIGN_IDENTITY[sdk=iphoneos*]" = "iPhone Developer";
				CURRENT_PROJECT_VERSION = 30000;
				INFOPLIST_FILE = TodayExtension/Info.plist;
				LD_RUNPATH_SEARCH_PATHS = "$(inherited) @executable_path/Frameworks @executable_path/../../Frameworks";
				PRODUCT_BUNDLE_IDENTIFIER = com.myqsc.iQSC.TodayExtension;
				PRODUCT_NAME = "$(TARGET_NAME)";
				PROVISIONING_PROFILE = "";
				SKIP_INSTALL = YES;
				VERSIONING_SYSTEM = "apple-generic";
			};
			name = Release;
		};
		9DF612A11BAA8A32004B0A8A /* Debug */ = {
			isa = XCBuildConfiguration;
			buildSettings = {
				CODE_SIGN_IDENTITY = "iPhone Developer";
				CURRENT_PROJECT_VERSION = 30000;
				INFOPLIST_FILE = ShareExtension/Info.plist;
				LD_RUNPATH_SEARCH_PATHS = "$(inherited) @executable_path/Frameworks @executable_path/../../Frameworks";
				PRODUCT_BUNDLE_IDENTIFIER = com.myqsc.iQSC.ShareExtension;
				PRODUCT_NAME = "$(TARGET_NAME)";
				SKIP_INSTALL = YES;
				VERSIONING_SYSTEM = "apple-generic";
			};
			name = Debug;
		};
		9DF612A21BAA8A32004B0A8A /* Release */ = {
			isa = XCBuildConfiguration;
			buildSettings = {
				CODE_SIGN_IDENTITY = "iPhone Developer";
				CURRENT_PROJECT_VERSION = 30000;
				INFOPLIST_FILE = ShareExtension/Info.plist;
				LD_RUNPATH_SEARCH_PATHS = "$(inherited) @executable_path/Frameworks @executable_path/../../Frameworks";
				PRODUCT_BUNDLE_IDENTIFIER = com.myqsc.iQSC.ShareExtension;
				PRODUCT_NAME = "$(TARGET_NAME)";
				SKIP_INSTALL = YES;
				VERSIONING_SYSTEM = "apple-generic";
			};
			name = Release;
		};
/* End XCBuildConfiguration section */

/* Begin XCConfigurationList section */
		04C331C01BA2F2E600EF959F /* Build configuration list for PBXProject "QSCMobileV3" */ = {
			isa = XCConfigurationList;
			buildConfigurations = (
				04C331ED1BA2F2E700EF959F /* Debug */,
				04C331EE1BA2F2E700EF959F /* Release */,
			);
			defaultConfigurationIsVisible = 0;
			defaultConfigurationName = Release;
		};
		04C331EF1BA2F2E700EF959F /* Build configuration list for PBXNativeTarget "QSCMobileV3" */ = {
			isa = XCConfigurationList;
			buildConfigurations = (
				04C331F01BA2F2E700EF959F /* Debug */,
				04C331F11BA2F2E700EF959F /* Release */,
			);
			defaultConfigurationIsVisible = 0;
			defaultConfigurationName = Release;
		};
		9DF612781BAA89CC004B0A8A /* Build configuration list for PBXNativeTarget "QSCMobileKit" */ = {
			isa = XCConfigurationList;
			buildConfigurations = (
				9DF612741BAA89CC004B0A8A /* Debug */,
				9DF612751BAA89CC004B0A8A /* Release */,
			);
			defaultConfigurationIsVisible = 0;
			defaultConfigurationName = Release;
		};
		9DF6128D1BAA8A03004B0A8A /* Build configuration list for PBXNativeTarget "TodayExtension" */ = {
			isa = XCConfigurationList;
			buildConfigurations = (
				9DF6128E1BAA8A03004B0A8A /* Debug */,
				9DF6128F1BAA8A03004B0A8A /* Release */,
			);
			defaultConfigurationIsVisible = 0;
			defaultConfigurationName = Release;
		};
		9DF612A01BAA8A32004B0A8A /* Build configuration list for PBXNativeTarget "ShareExtension" */ = {
			isa = XCConfigurationList;
			buildConfigurations = (
				9DF612A11BAA8A32004B0A8A /* Debug */,
				9DF612A21BAA8A32004B0A8A /* Release */,
			);
			defaultConfigurationIsVisible = 0;
			defaultConfigurationName = Release;
		};
/* End XCConfigurationList section */

/* Begin XCVersionGroup section */
		9DEF303A1BFD7C1800508504 /* QSCMobileModel.xcdatamodeld */ = {
			isa = XCVersionGroup;
			children = (
				9DEF303B1BFD7C1800508504 /* QSCMobileModel.xcdatamodel */,
			);
			currentVersion = 9DEF303B1BFD7C1800508504 /* QSCMobileModel.xcdatamodel */;
			name = QSCMobileModel.xcdatamodeld;
			path = CoreData/QSCMobileModel.xcdatamodeld;
			sourceTree = "<group>";
			versionGroupType = wrapper.xcdatamodel;
		};
/* End XCVersionGroup section */
	};
	rootObject = 04C331BD1BA2F2E600EF959F /* Project object */;
}
